// !$*UTF8*$!
{
	archiveVersion = 1;
	classes = {
	};
	objectVersion = 56;
	objects = {

/* Begin PBXBuildFile section */
		398CC9952B868F2E004EDDC0 /* AppDelegate.swift in Sources */ = {isa = PBXBuildFile; fileRef = 398CC9942B868F2E004EDDC0 /* AppDelegate.swift */; };
		398CC9972B868F2E004EDDC0 /* SceneDelegate.swift in Sources */ = {isa = PBXBuildFile; fileRef = 398CC9962B868F2E004EDDC0 /* SceneDelegate.swift */; };
		398CC9992B868F2E004EDDC0 /* ViewController.swift in Sources */ = {isa = PBXBuildFile; fileRef = 398CC9982B868F2E004EDDC0 /* ViewController.swift */; };
		398CC99C2B868F2E004EDDC0 /* Main.storyboard in Resources */ = {isa = PBXBuildFile; fileRef = 398CC99A2B868F2E004EDDC0 /* Main.storyboard */; };
		398CC99E2B868F2F004EDDC0 /* Assets.xcassets in Resources */ = {isa = PBXBuildFile; fileRef = 398CC99D2B868F2F004EDDC0 /* Assets.xcassets */; };
		398CC9A12B868F2F004EDDC0 /* LaunchScreen.storyboard in Resources */ = {isa = PBXBuildFile; fileRef = 398CC99F2B868F2F004EDDC0 /* LaunchScreen.storyboard */; };
		398CC9AC2B868F2F004EDDC0 /* Exam03Tests.swift in Sources */ = {isa = PBXBuildFile; fileRef = 398CC9AB2B868F2F004EDDC0 /* Exam03Tests.swift */; };
		398CC9B62B868F2F004EDDC0 /* Exam03UITests.swift in Sources */ = {isa = PBXBuildFile; fileRef = 398CC9B52B868F2F004EDDC0 /* Exam03UITests.swift */; };
		398CC9B82B868F2F004EDDC0 /* Exam03UITestsLaunchTests.swift in Sources */ = {isa = PBXBuildFile; fileRef = 398CC9B72B868F2F004EDDC0 /* Exam03UITestsLaunchTests.swift */; };
/* End PBXBuildFile section */

/* Begin PBXContainerItemProxy section */
		398CC9A82B868F2F004EDDC0 /* PBXContainerItemProxy */ = {
			isa = PBXContainerItemProxy;
			containerPortal = 398CC9892B868F2E004EDDC0 /* Project object */;
			proxyType = 1;
			remoteGlobalIDString = 398CC9902B868F2E004EDDC0;
			remoteInfo = Exam03;
		};
		398CC9B22B868F2F004EDDC0 /* PBXContainerItemProxy */ = {
			isa = PBXContainerItemProxy;
			containerPortal = 398CC9892B868F2E004EDDC0 /* Project object */;
			proxyType = 1;
			remoteGlobalIDString = 398CC9902B868F2E004EDDC0;
			remoteInfo = Exam03;
		};
/* End PBXContainerItemProxy section */

/* Begin PBXFileReference section */
		398CC9912B868F2E004EDDC0 /* Exam03.app */ = {isa = PBXFileReference; explicitFileType = wrapper.application; includeInIndex = 0; path = Exam03.app; sourceTree = BUILT_PRODUCTS_DIR; };
		398CC9942B868F2E004EDDC0 /* AppDelegate.swift */ = {isa = PBXFileReference; lastKnownFileType = sourcecode.swift; path = AppDelegate.swift; sourceTree = "<group>"; };
		398CC9962B868F2E004EDDC0 /* SceneDelegate.swift */ = {isa = PBXFileReference; lastKnownFileType = sourcecode.swift; path = SceneDelegate.swift; sourceTree = "<group>"; };
		398CC9982B868F2E004EDDC0 /* ViewController.swift */ = {isa = PBXFileReference; lastKnownFileType = sourcecode.swift; path = ViewController.swift; sourceTree = "<group>"; };
		398CC99B2B868F2E004EDDC0 /* Base */ = {isa = PBXFileReference; lastKnownFileType = file.storyboard; name = Base; path = Base.lproj/Main.storyboard; sourceTree = "<group>"; };
		398CC99D2B868F2F004EDDC0 /* Assets.xcassets */ = {isa = PBXFileReference; lastKnownFileType = folder.assetcatalog; path = Assets.xcassets; sourceTree = "<group>"; };
		398CC9A02B868F2F004EDDC0 /* Base */ = {isa = PBXFileReference; lastKnownFileType = file.storyboard; name = Base; path = Base.lproj/LaunchScreen.storyboard; sourceTree = "<group>"; };
		398CC9A22B868F2F004EDDC0 /* Info.plist */ = {isa = PBXFileReference; lastKnownFileType = text.plist.xml; path = Info.plist; sourceTree = "<group>"; };
		398CC9A72B868F2F004EDDC0 /* Exam03Tests.xctest */ = {isa = PBXFileReference; explicitFileType = wrapper.cfbundle; includeInIndex = 0; path = Exam03Tests.xctest; sourceTree = BUILT_PRODUCTS_DIR; };
		398CC9AB2B868F2F004EDDC0 /* Exam03Tests.swift */ = {isa = PBXFileReference; lastKnownFileType = sourcecode.swift; path = Exam03Tests.swift; sourceTree = "<group>"; };
		398CC9B12B868F2F004EDDC0 /* Exam03UITests.xctest */ = {isa = PBXFileReference; explicitFileType = wrapper.cfbundle; includeInIndex = 0; path = Exam03UITests.xctest; sourceTree = BUILT_PRODUCTS_DIR; };
		398CC9B52B868F2F004EDDC0 /* Exam03UITests.swift */ = {isa = PBXFileReference; lastKnownFileType = sourcecode.swift; path = Exam03UITests.swift; sourceTree = "<group>"; };
		398CC9B72B868F2F004EDDC0 /* Exam03UITestsLaunchTests.swift */ = {isa = PBXFileReference; lastKnownFileType = sourcecode.swift; path = Exam03UITestsLaunchTests.swift; sourceTree = "<group>"; };
/* End PBXFileReference section */

/* Begin PBXFrameworksBuildPhase section */
		398CC98E2B868F2E004EDDC0 /* Frameworks */ = {
			isa = PBXFrameworksBuildPhase;
			buildActionMask = 2147483647;
			files = (
			);
			runOnlyForDeploymentPostprocessing = 0;
		};
		398CC9A42B868F2F004EDDC0 /* Frameworks */ = {
			isa = PBXFrameworksBuildPhase;
			buildActionMask = 2147483647;
			files = (
			);
			runOnlyForDeploymentPostprocessing = 0;
		};
		398CC9AE2B868F2F004EDDC0 /* Frameworks */ = {
			isa = PBXFrameworksBuildPhase;
			buildActionMask = 2147483647;
			files = (
			);
			runOnlyForDeploymentPostprocessing = 0;
		};
/* End PBXFrameworksBuildPhase section */

/* Begin PBXGroup section */
		398CC9882B868F2E004EDDC0 = {
			isa = PBXGroup;
			children = (
				398CC9932B868F2E004EDDC0 /* Exam03 */,
				398CC9AA2B868F2F004EDDC0 /* Exam03Tests */,
				398CC9B42B868F2F004EDDC0 /* Exam03UITests */,
				398CC9922B868F2E004EDDC0 /* Products */,
			);
			sourceTree = "<group>";
		};
		398CC9922B868F2E004EDDC0 /* Products */ = {
			isa = PBXGroup;
			children = (
				398CC9912B868F2E004EDDC0 /* Exam03.app */,
				398CC9A72B868F2F004EDDC0 /* Exam03Tests.xctest */,
				398CC9B12B868F2F004EDDC0 /* Exam03UITests.xctest */,
			);
			name = Products;
			sourceTree = "<group>";
		};
		398CC9932B868F2E004EDDC0 /* Exam03 */ = {
			isa = PBXGroup;
			children = (
				398CC9942B868F2E004EDDC0 /* AppDelegate.swift */,
				398CC9962B868F2E004EDDC0 /* SceneDelegate.swift */,
				398CC9982B868F2E004EDDC0 /* ViewController.swift */,
				398CC99A2B868F2E004EDDC0 /* Main.storyboard */,
				398CC99D2B868F2F004EDDC0 /* Assets.xcassets */,
				398CC99F2B868F2F004EDDC0 /* LaunchScreen.storyboard */,
				398CC9A22B868F2F004EDDC0 /* Info.plist */,
			);
			path = Exam03;
			sourceTree = "<group>";
		};
		398CC9AA2B868F2F004EDDC0 /* Exam03Tests */ = {
			isa = PBXGroup;
			children = (
				398CC9AB2B868F2F004EDDC0 /* Exam03Tests.swift */,
			);
			path = Exam03Tests;
			sourceTree = "<group>";
		};
		398CC9B42B868F2F004EDDC0 /* Exam03UITests */ = {
			isa = PBXGroup;
			children = (
				398CC9B52B868F2F004EDDC0 /* Exam03UITests.swift */,
				398CC9B72B868F2F004EDDC0 /* Exam03UITestsLaunchTests.swift */,
			);
			path = Exam03UITests;
			sourceTree = "<group>";
		};
/* End PBXGroup section */

/* Begin PBXNativeTarget section */
		398CC9902B868F2E004EDDC0 /* Exam03 */ = {
			isa = PBXNativeTarget;
			buildConfigurationList = 398CC9BB2B868F2F004EDDC0 /* Build configuration list for PBXNativeTarget "Exam03" */;
			buildPhases = (
				398CC98D2B868F2E004EDDC0 /* Sources */,
				398CC98E2B868F2E004EDDC0 /* Frameworks */,
				398CC98F2B868F2E004EDDC0 /* Resources */,
			);
			buildRules = (
			);
			dependencies = (
			);
			name = Exam03;
			productName = Exam03;
			productReference = 398CC9912B868F2E004EDDC0 /* Exam03.app */;
			productType = "com.apple.product-type.application";
		};
		398CC9A62B868F2F004EDDC0 /* Exam03Tests */ = {
			isa = PBXNativeTarget;
			buildConfigurationList = 398CC9BE2B868F2F004EDDC0 /* Build configuration list for PBXNativeTarget "Exam03Tests" */;
			buildPhases = (
				398CC9A32B868F2F004EDDC0 /* Sources */,
				398CC9A42B868F2F004EDDC0 /* Frameworks */,
				398CC9A52B868F2F004EDDC0 /* Resources */,
			);
			buildRules = (
			);
			dependencies = (
				398CC9A92B868F2F004EDDC0 /* PBXTargetDependency */,
			);
			name = Exam03Tests;
			productName = Exam03Tests;
			productReference = 398CC9A72B868F2F004EDDC0 /* Exam03Tests.xctest */;
			productType = "com.apple.product-type.bundle.unit-test";
		};
		398CC9B02B868F2F004EDDC0 /* Exam03UITests */ = {
			isa = PBXNativeTarget;
			buildConfigurationList = 398CC9C12B868F2F004EDDC0 /* Build configuration list for PBXNativeTarget "Exam03UITests" */;
			buildPhases = (
				398CC9AD2B868F2F004EDDC0 /* Sources */,
				398CC9AE2B868F2F004EDDC0 /* Frameworks */,
				398CC9AF2B868F2F004EDDC0 /* Resources */,
			);
			buildRules = (
			);
			dependencies = (
				398CC9B32B868F2F004EDDC0 /* PBXTargetDependency */,
			);
			name = Exam03UITests;
			productName = Exam03UITests;
			productReference = 398CC9B12B868F2F004EDDC0 /* Exam03UITests.xctest */;
			productType = "com.apple.product-type.bundle.ui-testing";
		};
/* End PBXNativeTarget section */

/* Begin PBXProject section */
		398CC9892B868F2E004EDDC0 /* Project object */ = {
			isa = PBXProject;
			attributes = {
				BuildIndependentTargetsInParallel = 1;
				LastSwiftUpdateCheck = 1520;
				LastUpgradeCheck = 1520;
				TargetAttributes = {
					398CC9902B868F2E004EDDC0 = {
						CreatedOnToolsVersion = 15.2;
					};
					398CC9A62B868F2F004EDDC0 = {
						CreatedOnToolsVersion = 15.2;
						TestTargetID = 398CC9902B868F2E004EDDC0;
					};
					398CC9B02B868F2F004EDDC0 = {
						CreatedOnToolsVersion = 15.2;
						TestTargetID = 398CC9902B868F2E004EDDC0;
					};
				};
			};
			buildConfigurationList = 398CC98C2B868F2E004EDDC0 /* Build configuration list for PBXProject "Exam03" */;
			compatibilityVersion = "Xcode 14.0";
			developmentRegion = en;
			hasScannedForEncodings = 0;
			knownRegions = (
				en,
				Base,
			);
			mainGroup = 398CC9882B868F2E004EDDC0;
			productRefGroup = 398CC9922B868F2E004EDDC0 /* Products */;
			projectDirPath = "";
			projectRoot = "";
			targets = (
				398CC9902B868F2E004EDDC0 /* Exam03 */,
				398CC9A62B868F2F004EDDC0 /* Exam03Tests */,
				398CC9B02B868F2F004EDDC0 /* Exam03UITests */,
			);
		};
/* End PBXProject section */

/* Begin PBXResourcesBuildPhase section */
		398CC98F2B868F2E004EDDC0 /* Resources */ = {
			isa = PBXResourcesBuildPhase;
			buildActionMask = 2147483647;
			files = (
				398CC9A12B868F2F004EDDC0 /* LaunchScreen.storyboard in Resources */,
				398CC99E2B868F2F004EDDC0 /* Assets.xcassets in Resources */,
				398CC99C2B868F2E004EDDC0 /* Main.storyboard in Resources */,
			);
			runOnlyForDeploymentPostprocessing = 0;
		};
		398CC9A52B868F2F004EDDC0 /* Resources */ = {
			isa = PBXResourcesBuildPhase;
			buildActionMask = 2147483647;
			files = (
			);
			runOnlyForDeploymentPostprocessing = 0;
		};
		398CC9AF2B868F2F004EDDC0 /* Resources */ = {
			isa = PBXResourcesBuildPhase;
			buildActionMask = 2147483647;
			files = (
			);
			runOnlyForDeploymentPostprocessing = 0;
		};
/* End PBXResourcesBuildPhase section */

/* Begin PBXSourcesBuildPhase section */
		398CC98D2B868F2E004EDDC0 /* Sources */ = {
			isa = PBXSourcesBuildPhase;
			buildActionMask = 2147483647;
			files = (
				398CC9992B868F2E004EDDC0 /* ViewController.swift in Sources */,
				398CC9952B868F2E004EDDC0 /* AppDelegate.swift in Sources */,
				398CC9972B868F2E004EDDC0 /* SceneDelegate.swift in Sources */,
			);
			runOnlyForDeploymentPostprocessing = 0;
		};
		398CC9A32B868F2F004EDDC0 /* Sources */ = {
			isa = PBXSourcesBuildPhase;
			buildActionMask = 2147483647;
			files = (
				398CC9AC2B868F2F004EDDC0 /* Exam03Tests.swift in Sources */,
			);
			runOnlyForDeploymentPostprocessing = 0;
		};
		398CC9AD2B868F2F004EDDC0 /* Sources */ = {
			isa = PBXSourcesBuildPhase;
			buildActionMask = 2147483647;
			files = (
				398CC9B82B868F2F004EDDC0 /* Exam03UITestsLaunchTests.swift in Sources */,
				398CC9B62B868F2F004EDDC0 /* Exam03UITests.swift in Sources */,
			);
			runOnlyForDeploymentPostprocessing = 0;
		};
/* End PBXSourcesBuildPhase section */

/* Begin PBXTargetDependency section */
		398CC9A92B868F2F004EDDC0 /* PBXTargetDependency */ = {
			isa = PBXTargetDependency;
			target = 398CC9902B868F2E004EDDC0 /* Exam03 */;
			targetProxy = 398CC9A82B868F2F004EDDC0 /* PBXContainerItemProxy */;
		};
		398CC9B32B868F2F004EDDC0 /* PBXTargetDependency */ = {
			isa = PBXTargetDependency;
			target = 398CC9902B868F2E004EDDC0 /* Exam03 */;
			targetProxy = 398CC9B22B868F2F004EDDC0 /* PBXContainerItemProxy */;
		};
/* End PBXTargetDependency section */

/* Begin PBXVariantGroup section */
		398CC99A2B868F2E004EDDC0 /* Main.storyboard */ = {
			isa = PBXVariantGroup;
			children = (
				398CC99B2B868F2E004EDDC0 /* Base */,
			);
			name = Main.storyboard;
			sourceTree = "<group>";
		};
		398CC99F2B868F2F004EDDC0 /* LaunchScreen.storyboard */ = {
			isa = PBXVariantGroup;
			children = (
				398CC9A02B868F2F004EDDC0 /* Base */,
			);
			name = LaunchScreen.storyboard;
			sourceTree = "<group>";
		};
/* End PBXVariantGroup section */

/* Begin XCBuildConfiguration section */
		398CC9B92B868F2F004EDDC0 /* Debug */ = {
			isa = XCBuildConfiguration;
			buildSettings = {
				ALWAYS_SEARCH_USER_PATHS = NO;
				ASSETCATALOG_COMPILER_GENERATE_SWIFT_ASSET_SYMBOL_EXTENSIONS = YES;
				CLANG_ANALYZER_NONNULL = YES;
				CLANG_ANALYZER_NUMBER_OBJECT_CONVERSION = YES_AGGRESSIVE;
				CLANG_CXX_LANGUAGE_STANDARD = "gnu++20";
				CLANG_ENABLE_MODULES = YES;
				CLANG_ENABLE_OBJC_ARC = YES;
				CLANG_ENABLE_OBJC_WEAK = YES;
				CLANG_WARN_BLOCK_CAPTURE_AUTORELEASING = YES;
				CLANG_WARN_BOOL_CONVERSION = YES;
				CLANG_WARN_COMMA = YES;
				CLANG_WARN_CONSTANT_CONVERSION = YES;
				CLANG_WARN_DEPRECATED_OBJC_IMPLEMENTATIONS = YES;
				CLANG_WARN_DIRECT_OBJC_ISA_USAGE = YES_ERROR;
				CLANG_WARN_DOCUMENTATION_COMMENTS = YES;
				CLANG_WARN_EMPTY_BODY = YES;
				CLANG_WARN_ENUM_CONVERSION = YES;
				CLANG_WARN_INFINITE_RECURSION = YES;
				CLANG_WARN_INT_CONVERSION = YES;
				CLANG_WARN_NON_LITERAL_NULL_CONVERSION = YES;
				CLANG_WARN_OBJC_IMPLICIT_RETAIN_SELF = YES;
				CLANG_WARN_OBJC_LITERAL_CONVERSION = YES;
				CLANG_WARN_OBJC_ROOT_CLASS = YES_ERROR;
				CLANG_WARN_QUOTED_INCLUDE_IN_FRAMEWORK_HEADER = YES;
				CLANG_WARN_RANGE_LOOP_ANALYSIS = YES;
				CLANG_WARN_STRICT_PROTOTYPES = YES;
				CLANG_WARN_SUSPICIOUS_MOVE = YES;
				CLANG_WARN_UNGUARDED_AVAILABILITY = YES_AGGRESSIVE;
				CLANG_WARN_UNREACHABLE_CODE = YES;
				CLANG_WARN__DUPLICATE_METHOD_MATCH = YES;
				COPY_PHASE_STRIP = NO;
				DEBUG_INFORMATION_FORMAT = dwarf;
				ENABLE_STRICT_OBJC_MSGSEND = YES;
				ENABLE_TESTABILITY = YES;
				ENABLE_USER_SCRIPT_SANDBOXING = YES;
				GCC_C_LANGUAGE_STANDARD = gnu17;
				GCC_DYNAMIC_NO_PIC = NO;
				GCC_NO_COMMON_BLOCKS = YES;
				GCC_OPTIMIZATION_LEVEL = 0;
				GCC_PREPROCESSOR_DEFINITIONS = (
					"DEBUG=1",
					"$(inherited)",
				);
				GCC_WARN_64_TO_32_BIT_CONVERSION = YES;
				GCC_WARN_ABOUT_RETURN_TYPE = YES_ERROR;
				GCC_WARN_UNDECLARED_SELECTOR = YES;
				GCC_WARN_UNINITIALIZED_AUTOS = YES_AGGRESSIVE;
				GCC_WARN_UNUSED_FUNCTION = YES;
				GCC_WARN_UNUSED_VARIABLE = YES;
				IPHONEOS_DEPLOYMENT_TARGET = 17.2;
				LOCALIZATION_PREFERS_STRING_CATALOGS = YES;
				MTL_ENABLE_DEBUG_INFO = INCLUDE_SOURCE;
				MTL_FAST_MATH = YES;
				ONLY_ACTIVE_ARCH = YES;
				SDKROOT = iphoneos;
				SWIFT_ACTIVE_COMPILATION_CONDITIONS = "DEBUG $(inherited)";
				SWIFT_OPTIMIZATION_LEVEL = "-Onone";
			};
			name = Debug;
		};
		398CC9BA2B868F2F004EDDC0 /* Release */ = {
			isa = XCBuildConfiguration;
			buildSettings = {
				ALWAYS_SEARCH_USER_PATHS = NO;
				ASSETCATALOG_COMPILER_GENERATE_SWIFT_ASSET_SYMBOL_EXTENSIONS = YES;
				CLANG_ANALYZER_NONNULL = YES;
				CLANG_ANALYZER_NUMBER_OBJECT_CONVERSION = YES_AGGRESSIVE;
				CLANG_CXX_LANGUAGE_STANDARD = "gnu++20";
				CLANG_ENABLE_MODULES = YES;
				CLANG_ENABLE_OBJC_ARC = YES;
				CLANG_ENABLE_OBJC_WEAK = YES;
				CLANG_WARN_BLOCK_CAPTURE_AUTORELEASING = YES;
				CLANG_WARN_BOOL_CONVERSION = YES;
				CLANG_WARN_COMMA = YES;
				CLANG_WARN_CONSTANT_CONVERSION = YES;
				CLANG_WARN_DEPRECATED_OBJC_IMPLEMENTATIONS = YES;
				CLANG_WARN_DIRECT_OBJC_ISA_USAGE = YES_ERROR;
				CLANG_WARN_DOCUMENTATION_COMMENTS = YES;
				CLANG_WARN_EMPTY_BODY = YES;
				CLANG_WARN_ENUM_CONVERSION = YES;
				CLANG_WARN_INFINITE_RECURSION = YES;
				CLANG_WARN_INT_CONVERSION = YES;
				CLANG_WARN_NON_LITERAL_NULL_CONVERSION = YES;
				CLANG_WARN_OBJC_IMPLICIT_RETAIN_SELF = YES;
				CLANG_WARN_OBJC_LITERAL_CONVERSION = YES;
				CLANG_WARN_OBJC_ROOT_CLASS = YES_ERROR;
				CLANG_WARN_QUOTED_INCLUDE_IN_FRAMEWORK_HEADER = YES;
				CLANG_WARN_RANGE_LOOP_ANALYSIS = YES;
				CLANG_WARN_STRICT_PROTOTYPES = YES;
				CLANG_WARN_SUSPICIOUS_MOVE = YES;
				CLANG_WARN_UNGUARDED_AVAILABILITY = YES_AGGRESSIVE;
				CLANG_WARN_UNREACHABLE_CODE = YES;
				CLANG_WARN__DUPLICATE_METHOD_MATCH = YES;
				COPY_PHASE_STRIP = NO;
				DEBUG_INFORMATION_FORMAT = "dwarf-with-dsym";
				ENABLE_NS_ASSERTIONS = NO;
				ENABLE_STRICT_OBJC_MSGSEND = YES;
				ENABLE_USER_SCRIPT_SANDBOXING = YES;
				GCC_C_LANGUAGE_STANDARD = gnu17;
				GCC_NO_COMMON_BLOCKS = YES;
				GCC_WARN_64_TO_32_BIT_CONVERSION = YES;
				GCC_WARN_ABOUT_RETURN_TYPE = YES_ERROR;
				GCC_WARN_UNDECLARED_SELECTOR = YES;
				GCC_WARN_UNINITIALIZED_AUTOS = YES_AGGRESSIVE;
				GCC_WARN_UNUSED_FUNCTION = YES;
				GCC_WARN_UNUSED_VARIABLE = YES;
				IPHONEOS_DEPLOYMENT_TARGET = 17.2;
				LOCALIZATION_PREFERS_STRING_CATALOGS = YES;
				MTL_ENABLE_DEBUG_INFO = NO;
				MTL_FAST_MATH = YES;
				SDKROOT = iphoneos;
				SWIFT_COMPILATION_MODE = wholemodule;
				VALIDATE_PRODUCT = YES;
			};
			name = Release;
		};
		398CC9BC2B868F2F004EDDC0 /* Debug */ = {
			isa = XCBuildConfiguration;
			buildSettings = {
				ASSETCATALOG_COMPILER_APPICON_NAME = AppIcon;
				ASSETCATALOG_COMPILER_GLOBAL_ACCENT_COLOR_NAME = AccentColor;
				CODE_SIGN_STYLE = Automatic;
				CURRENT_PROJECT_VERSION = 1;
				GENERATE_INFOPLIST_FILE = YES;
				INFOPLIST_FILE = Exam03/Info.plist;
				INFOPLIST_KEY_UIApplicationSupportsIndirectInputEvents = YES;
				INFOPLIST_KEY_UILaunchStoryboardName = LaunchScreen;
				INFOPLIST_KEY_UIMainStoryboardFile = Main;
				INFOPLIST_KEY_UISupportedInterfaceOrientations_iPad = "UIInterfaceOrientationPortrait UIInterfaceOrientationPortraitUpsideDown UIInterfaceOrientationLandscapeLeft UIInterfaceOrientationLandscapeRight";
				INFOPLIST_KEY_UISupportedInterfaceOrientations_iPhone = "UIInterfaceOrientationPortrait UIInterfaceOrientationLandscapeLeft UIInterfaceOrientationLandscapeRight";
				LD_RUNPATH_SEARCH_PATHS = (
					"$(inherited)",
					"@executable_path/Frameworks",
				);
				MARKETING_VERSION = 1.0;
				PRODUCT_BUNDLE_IDENTIFIER = edu.nwmissouri.spring24.cs44643.sec03.Exam03;
				PRODUCT_NAME = "$(TARGET_NAME)";
				SWIFT_EMIT_LOC_STRINGS = YES;
				SWIFT_VERSION = 5.0;
				TARGETED_DEVICE_FAMILY = "1,2";
			};
			name = Debug;
		};
		398CC9BD2B868F2F004EDDC0 /* Release */ = {
			isa = XCBuildConfiguration;
			buildSettings = {
				ASSETCATALOG_COMPILER_APPICON_NAME = AppIcon;
				ASSETCATALOG_COMPILER_GLOBAL_ACCENT_COLOR_NAME = AccentColor;
				CODE_SIGN_STYLE = Automatic;
				CURRENT_PROJECT_VERSION = 1;
				GENERATE_INFOPLIST_FILE = YES;
				INFOPLIST_FILE = Exam03/Info.plist;
				INFOPLIST_KEY_UIApplicationSupportsIndirectInputEvents = YES;
				INFOPLIST_KEY_UILaunchStoryboardName = LaunchScreen;
				INFOPLIST_KEY_UIMainStoryboardFile = Main;
				INFOPLIST_KEY_UISupportedInterfaceOrientations_iPad = "UIInterfaceOrientationPortrait UIInterfaceOrientationPortraitUpsideDown UIInterfaceOrientationLandscapeLeft UIInterfaceOrientationLandscapeRight";
				INFOPLIST_KEY_UISupportedInterfaceOrientations_iPhone = "UIInterfaceOrientationPortrait UIInterfaceOrientationLandscapeLeft UIInterfaceOrientationLandscapeRight";
				LD_RUNPATH_SEARCH_PATHS = (
					"$(inherited)",
					"@executable_path/Frameworks",
				);
				MARKETING_VERSION = 1.0;
				PRODUCT_BUNDLE_IDENTIFIER = edu.nwmissouri.spring24.cs44643.sec03.Exam03;
				PRODUCT_NAME = "$(TARGET_NAME)";
				SWIFT_EMIT_LOC_STRINGS = YES;
				SWIFT_VERSION = 5.0;
				TARGETED_DEVICE_FAMILY = "1,2";
			};
			name = Release;
		};
		398CC9BF2B868F2F004EDDC0 /* Debug */ = {
			isa = XCBuildConfiguration;
			buildSettings = {
				ALWAYS_EMBED_SWIFT_STANDARD_LIBRARIES = YES;
				BUNDLE_LOADER = "$(TEST_HOST)";
				CODE_SIGN_STYLE = Automatic;
				CURRENT_PROJECT_VERSION = 1;
				GENERATE_INFOPLIST_FILE = YES;
				IPHONEOS_DEPLOYMENT_TARGET = 17.2;
				MARKETING_VERSION = 1.0;
				PRODUCT_BUNDLE_IDENTIFIER = edu.nwmissouri.spring24.cs44643.sec03.Exam03Tests;
				PRODUCT_NAME = "$(TARGET_NAME)";
				SWIFT_EMIT_LOC_STRINGS = NO;
				SWIFT_VERSION = 5.0;
				TARGETED_DEVICE_FAMILY = "1,2";
				TEST_HOST = "$(BUILT_PRODUCTS_DIR)/Exam03.app/$(BUNDLE_EXECUTABLE_FOLDER_PATH)/Exam03";
			};
			name = Debug;
		};
		398CC9C02B868F2F004EDDC0 /* Release */ = {
			isa = XCBuildConfiguration;
			buildSettings = {
				ALWAYS_EMBED_SWIFT_STANDARD_LIBRARIES = YES;
				BUNDLE_LOADER = "$(TEST_HOST)";
				CODE_SIGN_STYLE = Automatic;
				CURRENT_PROJECT_VERSION = 1;
				GENERATE_INFOPLIST_FILE = YES;
				IPHONEOS_DEPLOYMENT_TARGET = 17.2;
				MARKETING_VERSION = 1.0;
				PRODUCT_BUNDLE_IDENTIFIER = edu.nwmissouri.spring24.cs44643.sec03.Exam03Tests;
				PRODUCT_NAME = "$(TARGET_NAME)";
				SWIFT_EMIT_LOC_STRINGS = NO;
				SWIFT_VERSION = 5.0;
				TARGETED_DEVICE_FAMILY = "1,2";
				TEST_HOST = "$(BUILT_PRODUCTS_DIR)/Exam03.app/$(BUNDLE_EXECUTABLE_FOLDER_PATH)/Exam03";
			};
			name = Release;
		};
		398CC9C22B868F2F004EDDC0 /* Debug */ = {
			isa = XCBuildConfiguration;
			buildSettings = {
				ALWAYS_EMBED_SWIFT_STANDARD_LIBRARIES = YES;
				CODE_SIGN_STYLE = Automatic;
				CURRENT_PROJECT_VERSION = 1;
				GENERATE_INFOPLIST_FILE = YES;
				MARKETING_VERSION = 1.0;
				PRODUCT_BUNDLE_IDENTIFIER = edu.nwmissouri.spring24.cs44643.sec03.Exam03UITests;
				PRODUCT_NAME = "$(TARGET_NAME)";
				SWIFT_EMIT_LOC_STRINGS = NO;
				SWIFT_VERSION = 5.0;
				TARGETED_DEVICE_FAMILY = "1,2";
				TEST_TARGET_NAME = Exam03;
			};
			name = Debug;
		};
		398CC9C32B868F2F004EDDC0 /* Release */ = {
			isa = XCBuildConfiguration;
			buildSettings = {
				ALWAYS_EMBED_SWIFT_STANDARD_LIBRARIES = YES;
				CODE_SIGN_STYLE = Automatic;
				CURRENT_PROJECT_VERSION = 1;
				GENERATE_INFOPLIST_FILE = YES;
				MARKETING_VERSION = 1.0;
				PRODUCT_BUNDLE_IDENTIFIER = edu.nwmissouri.spring24.cs44643.sec03.Exam03UITests;
				PRODUCT_NAME = "$(TARGET_NAME)";
				SWIFT_EMIT_LOC_STRINGS = NO;
				SWIFT_VERSION = 5.0;
				TARGETED_DEVICE_FAMILY = "1,2";
				TEST_TARGET_NAME = Exam03;
			};
			name = Release;
		};
/* End XCBuildConfiguration section */

/* Begin XCConfigurationList section */
		398CC98C2B868F2E004EDDC0 /* Build configuration list for PBXProject "Exam03" */ = {
			isa = XCConfigurationList;
			buildConfigurations = (
				398CC9B92B868F2F004EDDC0 /* Debug */,
				398CC9BA2B868F2F004EDDC0 /* Release */,
			);
			defaultConfigurationIsVisible = 0;
			defaultConfigurationName = Release;
		};
		398CC9BB2B868F2F004EDDC0 /* Build configuration list for PBXNativeTarget "Exam03" */ = {
			isa = XCConfigurationList;
			buildConfigurations = (
				398CC9BC2B868F2F004EDDC0 /* Debug */,
				398CC9BD2B868F2F004EDDC0 /* Release */,
			);
			defaultConfigurationIsVisible = 0;
			defaultConfigurationName = Release;
		};
		398CC9BE2B868F2F004EDDC0 /* Build configuration list for PBXNativeTarget "Exam03Tests" */ = {
			isa = XCConfigurationList;
			buildConfigurations = (
				398CC9BF2B868F2F004EDDC0 /* Debug */,
				398CC9C02B868F2F004EDDC0 /* Release */,
			);
			defaultConfigurationIsVisible = 0;
			defaultConfigurationName = Release;
		};
		398CC9C12B868F2F004EDDC0 /* Build configuration list for PBXNativeTarget "Exam03UITests" */ = {
			isa = XCConfigurationList;
			buildConfigurations = (
				398CC9C22B868F2F004EDDC0 /* Debug */,
				398CC9C32B868F2F004EDDC0 /* Release */,
			);
			defaultConfigurationIsVisible = 0;
			defaultConfigurationName = Release;
		};
/* End XCConfigurationList section */
	};
	rootObject = 398CC9892B868F2E004EDDC0 /* Project object */;
}
