// !$*UTF8*$!
{
	archiveVersion = 1;
	classes = {
	};
	objectVersion = 56;
	objects = {

/* Begin PBXBuildFile section */
		07BAEEF22BB71CCD00A29D39 /* UserBookingVC.swift in Sources */ = {isa = PBXBuildFile; fileRef = 07BAEEF12BB71CCD00A29D39 /* UserBookingVC.swift */; };
		203410B52B86CC8100B24B4F /* AppDelegate.swift in Sources */ = {isa = PBXBuildFile; fileRef = 203410B42B86CC8100B24B4F /* AppDelegate.swift */; };
		203410B72B86CC8100B24B4F /* SceneDelegate.swift in Sources */ = {isa = PBXBuildFile; fileRef = 203410B62B86CC8100B24B4F /* SceneDelegate.swift */; };
		203410B92B86CC8100B24B4F /* ViewController.swift in Sources */ = {isa = PBXBuildFile; fileRef = 203410B82B86CC8100B24B4F /* ViewController.swift */; };
		203410BC2B86CC8100B24B4F /* Main.storyboard in Resources */ = {isa = PBXBuildFile; fileRef = 203410BA2B86CC8100B24B4F /* Main.storyboard */; };
		203410BE2B86CC8700B24B4F /* Assets.xcassets in Resources */ = {isa = PBXBuildFile; fileRef = 203410BD2B86CC8700B24B4F /* Assets.xcassets */; };
		203410C12B86CC8700B24B4F /* LaunchScreen.storyboard in Resources */ = {isa = PBXBuildFile; fileRef = 203410BF2B86CC8700B24B4F /* LaunchScreen.storyboard */; };
		204D1FDD2BC45C80001E8E2A /* AuthenticationModel.swift in Sources */ = {isa = PBXBuildFile; fileRef = 204D1FDC2BC45C80001E8E2A /* AuthenticationModel.swift */; };
		204D1FDF2BC48B60001E8E2A /* ResetPasswordVC.swift in Sources */ = {isa = PBXBuildFile; fileRef = 204D1FDE2BC48B60001E8E2A /* ResetPasswordVC.swift */; };
		20BB2A402B89679700AF2548 /* LoginVC.swift in Sources */ = {isa = PBXBuildFile; fileRef = 20BB2A3F2B89679700AF2548 /* LoginVC.swift */; };
		20CB1B902B991CB30041FBDD /* RegisterationVC.swift in Sources */ = {isa = PBXBuildFile; fileRef = 20CB1B8F2B991CB30041FBDD /* RegisterationVC.swift */; };
		3C5436A42BC83FA000BEDF7B /* FirebaseAnalytics in Frameworks */ = {isa = PBXBuildFile; productRef = 3C5436A32BC83FA000BEDF7B /* FirebaseAnalytics */; };
		3C5436A62BC83FA000BEDF7B /* FirebaseAnalyticsOnDeviceConversion in Frameworks */ = {isa = PBXBuildFile; productRef = 3C5436A52BC83FA000BEDF7B /* FirebaseAnalyticsOnDeviceConversion */; };
		3C5436A82BC83FA000BEDF7B /* FirebaseAnalyticsSwift in Frameworks */ = {isa = PBXBuildFile; productRef = 3C5436A72BC83FA000BEDF7B /* FirebaseAnalyticsSwift */; };
		3C5436AA2BC83FA000BEDF7B /* FirebaseAnalyticsWithoutAdIdSupport in Frameworks */ = {isa = PBXBuildFile; productRef = 3C5436A92BC83FA000BEDF7B /* FirebaseAnalyticsWithoutAdIdSupport */; };
		3C5436AC2BC83FA000BEDF7B /* FirebaseAppCheck in Frameworks */ = {isa = PBXBuildFile; productRef = 3C5436AB2BC83FA000BEDF7B /* FirebaseAppCheck */; };
		3C5436AE2BC83FA000BEDF7B /* FirebaseAppDistribution-Beta in Frameworks */ = {isa = PBXBuildFile; productRef = 3C5436AD2BC83FA000BEDF7B /* FirebaseAppDistribution-Beta */; };
		3C5436B02BC83FA000BEDF7B /* FirebaseAuth in Frameworks */ = {isa = PBXBuildFile; productRef = 3C5436AF2BC83FA000BEDF7B /* FirebaseAuth */; };
		3C5436B22BC83FA000BEDF7B /* FirebaseAuthCombine-Community in Frameworks */ = {isa = PBXBuildFile; productRef = 3C5436B12BC83FA000BEDF7B /* FirebaseAuthCombine-Community */; };
		3C5436B42BC83FA000BEDF7B /* FirebaseCrashlytics in Frameworks */ = {isa = PBXBuildFile; productRef = 3C5436B32BC83FA000BEDF7B /* FirebaseCrashlytics */; };
		3C5436B62BC83FA000BEDF7B /* FirebaseDatabase in Frameworks */ = {isa = PBXBuildFile; productRef = 3C5436B52BC83FA000BEDF7B /* FirebaseDatabase */; };
		3C5436B82BC83FA000BEDF7B /* FirebaseDatabaseSwift in Frameworks */ = {isa = PBXBuildFile; productRef = 3C5436B72BC83FA000BEDF7B /* FirebaseDatabaseSwift */; };
		3C5436BA2BC83FA000BEDF7B /* FirebaseDynamicLinks in Frameworks */ = {isa = PBXBuildFile; productRef = 3C5436B92BC83FA000BEDF7B /* FirebaseDynamicLinks */; };
		3C5436BC2BC83FA000BEDF7B /* FirebaseFirestore in Frameworks */ = {isa = PBXBuildFile; productRef = 3C5436BB2BC83FA000BEDF7B /* FirebaseFirestore */; };
		3C5436BE2BC83FA000BEDF7B /* FirebaseFirestoreCombine-Community in Frameworks */ = {isa = PBXBuildFile; productRef = 3C5436BD2BC83FA000BEDF7B /* FirebaseFirestoreCombine-Community */; };
		3C5436C02BC83FA000BEDF7B /* FirebaseFirestoreSwift in Frameworks */ = {isa = PBXBuildFile; productRef = 3C5436BF2BC83FA000BEDF7B /* FirebaseFirestoreSwift */; };
		3C5436C22BC83FA000BEDF7B /* FirebaseFunctions in Frameworks */ = {isa = PBXBuildFile; productRef = 3C5436C12BC83FA000BEDF7B /* FirebaseFunctions */; };
		3C5436C42BC83FA000BEDF7B /* FirebaseFunctionsCombine-Community in Frameworks */ = {isa = PBXBuildFile; productRef = 3C5436C32BC83FA000BEDF7B /* FirebaseFunctionsCombine-Community */; };
		3C5436C62BC83FA000BEDF7B /* FirebaseInAppMessaging-Beta in Frameworks */ = {isa = PBXBuildFile; productRef = 3C5436C52BC83FA000BEDF7B /* FirebaseInAppMessaging-Beta */; };
		3C5436C82BC83FA000BEDF7B /* FirebaseInAppMessagingSwift-Beta in Frameworks */ = {isa = PBXBuildFile; productRef = 3C5436C72BC83FA000BEDF7B /* FirebaseInAppMessagingSwift-Beta */; };
		3C5436CA2BC83FA000BEDF7B /* FirebaseInstallations in Frameworks */ = {isa = PBXBuildFile; productRef = 3C5436C92BC83FA000BEDF7B /* FirebaseInstallations */; };
		3C5436CC2BC83FA000BEDF7B /* FirebaseMLModelDownloader in Frameworks */ = {isa = PBXBuildFile; productRef = 3C5436CB2BC83FA000BEDF7B /* FirebaseMLModelDownloader */; };
		3C5436CE2BC83FA000BEDF7B /* FirebaseMessaging in Frameworks */ = {isa = PBXBuildFile; productRef = 3C5436CD2BC83FA000BEDF7B /* FirebaseMessaging */; };
		3C5436D02BC83FA000BEDF7B /* FirebasePerformance in Frameworks */ = {isa = PBXBuildFile; productRef = 3C5436CF2BC83FA000BEDF7B /* FirebasePerformance */; };
		3C5436D22BC83FA000BEDF7B /* FirebaseRemoteConfig in Frameworks */ = {isa = PBXBuildFile; productRef = 3C5436D12BC83FA000BEDF7B /* FirebaseRemoteConfig */; };
		3C5436D42BC83FA000BEDF7B /* FirebaseRemoteConfigSwift in Frameworks */ = {isa = PBXBuildFile; productRef = 3C5436D32BC83FA000BEDF7B /* FirebaseRemoteConfigSwift */; };
		3C5436D62BC83FA000BEDF7B /* FirebaseStorage in Frameworks */ = {isa = PBXBuildFile; productRef = 3C5436D52BC83FA000BEDF7B /* FirebaseStorage */; };
		3C5436D82BC83FA000BEDF7B /* FirebaseStorageCombine-Community in Frameworks */ = {isa = PBXBuildFile; productRef = 3C5436D72BC83FA000BEDF7B /* FirebaseStorageCombine-Community */; };
		3CA7E2DE2BB3E42000E68398 /* GoogleService-Info.plist in Resources */ = {isa = PBXBuildFile; fileRef = 3CA7E2DD2BB3E42000E68398 /* GoogleService-Info.plist */; };
		3CE5B17E2BCA255000322FBF /* Lottie in Frameworks */ = {isa = PBXBuildFile; productRef = 3CE5B17D2BCA255000322FBF /* Lottie */; };
		3CE5B1802BCA271600322FBF /* HomeVC.swift in Sources */ = {isa = PBXBuildFile; fileRef = 3CE5B17F2BCA271600322FBF /* HomeVC.swift */; };
		3CE5B1822BCA273C00322FBF /* OwnerVC.swift in Sources */ = {isa = PBXBuildFile; fileRef = 3CE5B1812BCA273C00322FBF /* OwnerVC.swift */; };
		3CE5B1842BCA275200322FBF /* PostVC.swift in Sources */ = {isa = PBXBuildFile; fileRef = 3CE5B1832BCA275200322FBF /* PostVC.swift */; };
/* End PBXBuildFile section */

/* Begin PBXFileReference section */
		07BAEEF12BB71CCD00A29D39 /* UserBookingVC.swift */ = {isa = PBXFileReference; lastKnownFileType = sourcecode.swift; path = UserBookingVC.swift; sourceTree = "<group>"; };
		203410B12B86CC8100B24B4F /* 44643Sec03Team04Spring2024FinalProject.app */ = {isa = PBXFileReference; explicitFileType = wrapper.application; includeInIndex = 0; path = 44643Sec03Team04Spring2024FinalProject.app; sourceTree = BUILT_PRODUCTS_DIR; };
		203410B42B86CC8100B24B4F /* AppDelegate.swift */ = {isa = PBXFileReference; lastKnownFileType = sourcecode.swift; path = AppDelegate.swift; sourceTree = "<group>"; };
		203410B62B86CC8100B24B4F /* SceneDelegate.swift */ = {isa = PBXFileReference; lastKnownFileType = sourcecode.swift; path = SceneDelegate.swift; sourceTree = "<group>"; };
		203410B82B86CC8100B24B4F /* ViewController.swift */ = {isa = PBXFileReference; lastKnownFileType = sourcecode.swift; path = ViewController.swift; sourceTree = "<group>"; };
		203410BB2B86CC8100B24B4F /* Base */ = {isa = PBXFileReference; lastKnownFileType = file.storyboard; name = Base; path = Base.lproj/Main.storyboard; sourceTree = "<group>"; };
		203410BD2B86CC8700B24B4F /* Assets.xcassets */ = {isa = PBXFileReference; lastKnownFileType = folder.assetcatalog; path = Assets.xcassets; sourceTree = "<group>"; };
		203410C02B86CC8700B24B4F /* Base */ = {isa = PBXFileReference; lastKnownFileType = file.storyboard; name = Base; path = Base.lproj/LaunchScreen.storyboard; sourceTree = "<group>"; };
		203410C22B86CC8700B24B4F /* Info.plist */ = {isa = PBXFileReference; lastKnownFileType = text.plist.xml; path = Info.plist; sourceTree = "<group>"; };
		204D1FDC2BC45C80001E8E2A /* AuthenticationModel.swift */ = {isa = PBXFileReference; lastKnownFileType = sourcecode.swift; path = AuthenticationModel.swift; sourceTree = "<group>"; };
		204D1FDE2BC48B60001E8E2A /* ResetPasswordVC.swift */ = {isa = PBXFileReference; lastKnownFileType = sourcecode.swift; path = ResetPasswordVC.swift; sourceTree = "<group>"; };
		20BB2A3F2B89679700AF2548 /* LoginVC.swift */ = {isa = PBXFileReference; lastKnownFileType = sourcecode.swift; path = LoginVC.swift; sourceTree = "<group>"; };
		20CB1B8F2B991CB30041FBDD /* RegisterationVC.swift */ = {isa = PBXFileReference; lastKnownFileType = sourcecode.swift; path = RegisterationVC.swift; sourceTree = "<group>"; };
		3CA7E2DD2BB3E42000E68398 /* GoogleService-Info.plist */ = {isa = PBXFileReference; fileEncoding = 4; lastKnownFileType = text.plist.xml; path = "GoogleService-Info.plist"; sourceTree = "<group>"; };
		3CE5B17F2BCA271600322FBF /* HomeVC.swift */ = {isa = PBXFileReference; lastKnownFileType = sourcecode.swift; path = HomeVC.swift; sourceTree = "<group>"; };
		3CE5B1812BCA273C00322FBF /* OwnerVC.swift */ = {isa = PBXFileReference; lastKnownFileType = sourcecode.swift; path = OwnerVC.swift; sourceTree = "<group>"; };
		3CE5B1832BCA275200322FBF /* PostVC.swift */ = {isa = PBXFileReference; lastKnownFileType = sourcecode.swift; path = PostVC.swift; sourceTree = "<group>"; };
/* End PBXFileReference section */

/* Begin PBXFrameworksBuildPhase section */
		203410AE2B86CC8100B24B4F /* Frameworks */ = {
			isa = PBXFrameworksBuildPhase;
			buildActionMask = 2147483647;
			files = (
				3C5436B62BC83FA000BEDF7B /* FirebaseDatabase in Frameworks */,
				3C5436C42BC83FA000BEDF7B /* FirebaseFunctionsCombine-Community in Frameworks */,
				3C5436BC2BC83FA000BEDF7B /* FirebaseFirestore in Frameworks */,
				3C5436A82BC83FA000BEDF7B /* FirebaseAnalyticsSwift in Frameworks */,
				3C5436A42BC83FA000BEDF7B /* FirebaseAnalytics in Frameworks */,
				3C5436A62BC83FA000BEDF7B /* FirebaseAnalyticsOnDeviceConversion in Frameworks */,
				3C5436CC2BC83FA000BEDF7B /* FirebaseMLModelDownloader in Frameworks */,
				3C5436C02BC83FA000BEDF7B /* FirebaseFirestoreSwift in Frameworks */,
				3C5436AC2BC83FA000BEDF7B /* FirebaseAppCheck in Frameworks */,
				3C5436AA2BC83FA000BEDF7B /* FirebaseAnalyticsWithoutAdIdSupport in Frameworks */,
				3C5436B02BC83FA000BEDF7B /* FirebaseAuth in Frameworks */,
				3C5436B42BC83FA000BEDF7B /* FirebaseCrashlytics in Frameworks */,
				3C5436D42BC83FA000BEDF7B /* FirebaseRemoteConfigSwift in Frameworks */,
				3C5436C62BC83FA000BEDF7B /* FirebaseInAppMessaging-Beta in Frameworks */,
				3C5436B82BC83FA000BEDF7B /* FirebaseDatabaseSwift in Frameworks */,
				3CE5B17E2BCA255000322FBF /* Lottie in Frameworks */,
				3C5436C22BC83FA000BEDF7B /* FirebaseFunctions in Frameworks */,
				3C5436D82BC83FA000BEDF7B /* FirebaseStorageCombine-Community in Frameworks */,
				3C5436D22BC83FA000BEDF7B /* FirebaseRemoteConfig in Frameworks */,
				3C5436AE2BC83FA000BEDF7B /* FirebaseAppDistribution-Beta in Frameworks */,
				3C5436B22BC83FA000BEDF7B /* FirebaseAuthCombine-Community in Frameworks */,
				3C5436D02BC83FA000BEDF7B /* FirebasePerformance in Frameworks */,
				3C5436C82BC83FA000BEDF7B /* FirebaseInAppMessagingSwift-Beta in Frameworks */,
				3C5436D62BC83FA000BEDF7B /* FirebaseStorage in Frameworks */,
				3C5436BA2BC83FA000BEDF7B /* FirebaseDynamicLinks in Frameworks */,
				3C5436BE2BC83FA000BEDF7B /* FirebaseFirestoreCombine-Community in Frameworks */,
				3C5436CE2BC83FA000BEDF7B /* FirebaseMessaging in Frameworks */,
				3C5436CA2BC83FA000BEDF7B /* FirebaseInstallations in Frameworks */,
			);
			runOnlyForDeploymentPostprocessing = 0;
		};
/* End PBXFrameworksBuildPhase section */

/* Begin PBXGroup section */
		203410A82B86CC8100B24B4F = {
			isa = PBXGroup;
			children = (
				203410B32B86CC8100B24B4F /* 44643Sec03Team04Spring2024FinalProject */,
				203410B22B86CC8100B24B4F /* Products */,
			);
			sourceTree = "<group>";
		};
		203410B22B86CC8100B24B4F /* Products */ = {
			isa = PBXGroup;
			children = (
				203410B12B86CC8100B24B4F /* 44643Sec03Team04Spring2024FinalProject.app */,
			);
			name = Products;
			sourceTree = "<group>";
		};
		203410B32B86CC8100B24B4F /* 44643Sec03Team04Spring2024FinalProject */ = {
			isa = PBXGroup;
			children = (
				20BB2A3E2B86E92500AF2548 /* supportfiles */,
				203410BA2B86CC8100B24B4F /* Main.storyboard */,
				3CE5B1832BCA275200322FBF /* PostVC.swift */,
				3CE5B1812BCA273C00322FBF /* OwnerVC.swift */,
				3CE5B17F2BCA271600322FBF /* HomeVC.swift */,
				20BB2A3F2B89679700AF2548 /* LoginVC.swift */,
				204D1FDC2BC45C80001E8E2A /* AuthenticationModel.swift */,
				20CB1B8F2B991CB30041FBDD /* RegisterationVC.swift */,
				204D1FDE2BC48B60001E8E2A /* ResetPasswordVC.swift */,
				203410B82B86CC8100B24B4F /* ViewController.swift */,
				203410BD2B86CC8700B24B4F /* Assets.xcassets */,
				203410BF2B86CC8700B24B4F /* LaunchScreen.storyboard */,
				203410C22B86CC8700B24B4F /* Info.plist */,
				3CA7E2DD2BB3E42000E68398 /* GoogleService-Info.plist */,
				07BAEEF12BB71CCD00A29D39 /* UserBookingVC.swift */,
			);
			path = 44643Sec03Team04Spring2024FinalProject;
			sourceTree = "<group>";
		};
		20BB2A3E2B86E92500AF2548 /* supportfiles */ = {
			isa = PBXGroup;
			children = (
				203410B42B86CC8100B24B4F /* AppDelegate.swift */,
				203410B62B86CC8100B24B4F /* SceneDelegate.swift */,
			);
			path = supportfiles;
			sourceTree = "<group>";
		};
/* End PBXGroup section */

/* Begin PBXNativeTarget section */
		203410B02B86CC8100B24B4F /* 44643Sec03Team04Spring2024FinalProject */ = {
			isa = PBXNativeTarget;
			buildConfigurationList = 203410C52B86CC8700B24B4F /* Build configuration list for PBXNativeTarget "44643Sec03Team04Spring2024FinalProject" */;
			buildPhases = (
				203410AD2B86CC8100B24B4F /* Sources */,
				203410AE2B86CC8100B24B4F /* Frameworks */,
				203410AF2B86CC8100B24B4F /* Resources */,
			);
			buildRules = (
			);
			dependencies = (
			);
			name = 44643Sec03Team04Spring2024FinalProject;
			packageProductDependencies = (
				3C5436A32BC83FA000BEDF7B /* FirebaseAnalytics */,
				3C5436A52BC83FA000BEDF7B /* FirebaseAnalyticsOnDeviceConversion */,
				3C5436A72BC83FA000BEDF7B /* FirebaseAnalyticsSwift */,
				3C5436A92BC83FA000BEDF7B /* FirebaseAnalyticsWithoutAdIdSupport */,
				3C5436AB2BC83FA000BEDF7B /* FirebaseAppCheck */,
				3C5436AD2BC83FA000BEDF7B /* FirebaseAppDistribution-Beta */,
				3C5436AF2BC83FA000BEDF7B /* FirebaseAuth */,
				3C5436B12BC83FA000BEDF7B /* FirebaseAuthCombine-Community */,
				3C5436B32BC83FA000BEDF7B /* FirebaseCrashlytics */,
				3C5436B52BC83FA000BEDF7B /* FirebaseDatabase */,
				3C5436B72BC83FA000BEDF7B /* FirebaseDatabaseSwift */,
				3C5436B92BC83FA000BEDF7B /* FirebaseDynamicLinks */,
				3C5436BB2BC83FA000BEDF7B /* FirebaseFirestore */,
				3C5436BD2BC83FA000BEDF7B /* FirebaseFirestoreCombine-Community */,
				3C5436BF2BC83FA000BEDF7B /* FirebaseFirestoreSwift */,
				3C5436C12BC83FA000BEDF7B /* FirebaseFunctions */,
				3C5436C32BC83FA000BEDF7B /* FirebaseFunctionsCombine-Community */,
				3C5436C52BC83FA000BEDF7B /* FirebaseInAppMessaging-Beta */,
				3C5436C72BC83FA000BEDF7B /* FirebaseInAppMessagingSwift-Beta */,
				3C5436C92BC83FA000BEDF7B /* FirebaseInstallations */,
				3C5436CB2BC83FA000BEDF7B /* FirebaseMLModelDownloader */,
				3C5436CD2BC83FA000BEDF7B /* FirebaseMessaging */,
				3C5436CF2BC83FA000BEDF7B /* FirebasePerformance */,
				3C5436D12BC83FA000BEDF7B /* FirebaseRemoteConfig */,
				3C5436D32BC83FA000BEDF7B /* FirebaseRemoteConfigSwift */,
				3C5436D52BC83FA000BEDF7B /* FirebaseStorage */,
				3C5436D72BC83FA000BEDF7B /* FirebaseStorageCombine-Community */,
				3CE5B17D2BCA255000322FBF /* Lottie */,
			);
			productName = 44643Sec03Team04Spring2024FinalProject;
			productReference = 203410B12B86CC8100B24B4F /* 44643Sec03Team04Spring2024FinalProject.app */;
			productType = "com.apple.product-type.application";
		};
/* End PBXNativeTarget section */

/* Begin PBXProject section */
		203410A92B86CC8100B24B4F /* Project object */ = {
			isa = PBXProject;
			attributes = {
				BuildIndependentTargetsInParallel = 1;
				LastSwiftUpdateCheck = 1520;
				LastUpgradeCheck = 1520;
				TargetAttributes = {
					203410B02B86CC8100B24B4F = {
						CreatedOnToolsVersion = 15.2;
					};
				};
			};
			buildConfigurationList = 203410AC2B86CC8100B24B4F /* Build configuration list for PBXProject "44643Sec03Team04Spring2024FinalProject" */;
			compatibilityVersion = "Xcode 14.0";
			developmentRegion = en;
			hasScannedForEncodings = 0;
			knownRegions = (
				en,
				Base,
			);
			mainGroup = 203410A82B86CC8100B24B4F;
			packageReferences = (
				3C5436A22BC83FA000BEDF7B /* XCRemoteSwiftPackageReference "firebase-ios-sdk" */,
				3CE5B17C2BCA255000322FBF /* XCRemoteSwiftPackageReference "lottie-ios" */,
			);
			productRefGroup = 203410B22B86CC8100B24B4F /* Products */;
			projectDirPath = "";
			projectRoot = "";
			targets = (
				203410B02B86CC8100B24B4F /* 44643Sec03Team04Spring2024FinalProject */,
			);
		};
/* End PBXProject section */

/* Begin PBXResourcesBuildPhase section */
		203410AF2B86CC8100B24B4F /* Resources */ = {
			isa = PBXResourcesBuildPhase;
			buildActionMask = 2147483647;
			files = (
				203410C12B86CC8700B24B4F /* LaunchScreen.storyboard in Resources */,
				203410BE2B86CC8700B24B4F /* Assets.xcassets in Resources */,
				3CA7E2DE2BB3E42000E68398 /* GoogleService-Info.plist in Resources */,
				203410BC2B86CC8100B24B4F /* Main.storyboard in Resources */,
			);
			runOnlyForDeploymentPostprocessing = 0;
		};
/* End PBXResourcesBuildPhase section */

/* Begin PBXSourcesBuildPhase section */
		203410AD2B86CC8100B24B4F /* Sources */ = {
			isa = PBXSourcesBuildPhase;
			buildActionMask = 2147483647;
			files = (
				203410B92B86CC8100B24B4F /* ViewController.swift in Sources */,
				203410B52B86CC8100B24B4F /* AppDelegate.swift in Sources */,
				203410B72B86CC8100B24B4F /* SceneDelegate.swift in Sources */,
				3CE5B1802BCA271600322FBF /* HomeVC.swift in Sources */,
				204D1FDD2BC45C80001E8E2A /* AuthenticationModel.swift in Sources */,
				204D1FDF2BC48B60001E8E2A /* ResetPasswordVC.swift in Sources */,
				3CE5B1822BCA273C00322FBF /* OwnerVC.swift in Sources */,
				07BAEEF22BB71CCD00A29D39 /* UserBookingVC.swift in Sources */,
				20CB1B902B991CB30041FBDD /* RegisterationVC.swift in Sources */,
				20BB2A402B89679700AF2548 /* LoginVC.swift in Sources */,
				3CE5B1842BCA275200322FBF /* PostVC.swift in Sources */,
			);
			runOnlyForDeploymentPostprocessing = 0;
		};
/* End PBXSourcesBuildPhase section */

/* Begin PBXVariantGroup section */
		203410BA2B86CC8100B24B4F /* Main.storyboard */ = {
			isa = PBXVariantGroup;
			children = (
				203410BB2B86CC8100B24B4F /* Base */,
			);
			name = Main.storyboard;
			sourceTree = "<group>";
		};
		203410BF2B86CC8700B24B4F /* LaunchScreen.storyboard */ = {
			isa = PBXVariantGroup;
			children = (
				203410C02B86CC8700B24B4F /* Base */,
			);
			name = LaunchScreen.storyboard;
			sourceTree = "<group>";
		};
/* End PBXVariantGroup section */

/* Begin XCBuildConfiguration section */
		203410C32B86CC8700B24B4F /* Debug */ = {
			isa = XCBuildConfiguration;
			buildSettings = {
				ALWAYS_SEARCH_USER_PATHS = NO;
				ASSETCATALOG_COMPILER_GENERATE_SWIFT_ASSET_SYMBOL_EXTENSIONS = YES;
				CLANG_ANALYZER_NONNULL = YES;
				CLANG_ANALYZER_NUMBER_OBJECT_CONVERSION = YES_AGGRESSIVE;
				CLANG_CXX_LANGUAGE_STANDARD = "gnu++20";
				CLANG_ENABLE_MODULES = YES;
				CLANG_ENABLE_OBJC_ARC = YES;
				CLANG_ENABLE_OBJC_WEAK = YES;
				CLANG_WARN_BLOCK_CAPTURE_AUTORELEASING = YES;
				CLANG_WARN_BOOL_CONVERSION = YES;
				CLANG_WARN_COMMA = YES;
				CLANG_WARN_CONSTANT_CONVERSION = YES;
				CLANG_WARN_DEPRECATED_OBJC_IMPLEMENTATIONS = YES;
				CLANG_WARN_DIRECT_OBJC_ISA_USAGE = YES_ERROR;
				CLANG_WARN_DOCUMENTATION_COMMENTS = YES;
				CLANG_WARN_EMPTY_BODY = YES;
				CLANG_WARN_ENUM_CONVERSION = YES;
				CLANG_WARN_INFINITE_RECURSION = YES;
				CLANG_WARN_INT_CONVERSION = YES;
				CLANG_WARN_NON_LITERAL_NULL_CONVERSION = YES;
				CLANG_WARN_OBJC_IMPLICIT_RETAIN_SELF = YES;
				CLANG_WARN_OBJC_LITERAL_CONVERSION = YES;
				CLANG_WARN_OBJC_ROOT_CLASS = YES_ERROR;
				CLANG_WARN_QUOTED_INCLUDE_IN_FRAMEWORK_HEADER = YES;
				CLANG_WARN_RANGE_LOOP_ANALYSIS = YES;
				CLANG_WARN_STRICT_PROTOTYPES = YES;
				CLANG_WARN_SUSPICIOUS_MOVE = YES;
				CLANG_WARN_UNGUARDED_AVAILABILITY = YES_AGGRESSIVE;
				CLANG_WARN_UNREACHABLE_CODE = YES;
				CLANG_WARN__DUPLICATE_METHOD_MATCH = YES;
				COPY_PHASE_STRIP = NO;
				DEBUG_INFORMATION_FORMAT = dwarf;
				ENABLE_STRICT_OBJC_MSGSEND = YES;
				ENABLE_TESTABILITY = YES;
				ENABLE_USER_SCRIPT_SANDBOXING = YES;
				GCC_C_LANGUAGE_STANDARD = gnu17;
				GCC_DYNAMIC_NO_PIC = NO;
				GCC_NO_COMMON_BLOCKS = YES;
				GCC_OPTIMIZATION_LEVEL = 0;
				GCC_PREPROCESSOR_DEFINITIONS = (
					"DEBUG=1",
					"$(inherited)",
				);
				GCC_WARN_64_TO_32_BIT_CONVERSION = YES;
				GCC_WARN_ABOUT_RETURN_TYPE = YES_ERROR;
				GCC_WARN_UNDECLARED_SELECTOR = YES;
				GCC_WARN_UNINITIALIZED_AUTOS = YES_AGGRESSIVE;
				GCC_WARN_UNUSED_FUNCTION = YES;
				GCC_WARN_UNUSED_VARIABLE = YES;
				IPHONEOS_DEPLOYMENT_TARGET = 17.2;
				LOCALIZATION_PREFERS_STRING_CATALOGS = YES;
				MTL_ENABLE_DEBUG_INFO = INCLUDE_SOURCE;
				MTL_FAST_MATH = YES;
				ONLY_ACTIVE_ARCH = YES;
				SDKROOT = iphoneos;
				SWIFT_ACTIVE_COMPILATION_CONDITIONS = "DEBUG $(inherited)";
				SWIFT_OPTIMIZATION_LEVEL = "-Onone";
			};
			name = Debug;
		};
		203410C42B86CC8700B24B4F /* Release */ = {
			isa = XCBuildConfiguration;
			buildSettings = {
				ALWAYS_SEARCH_USER_PATHS = NO;
				ASSETCATALOG_COMPILER_GENERATE_SWIFT_ASSET_SYMBOL_EXTENSIONS = YES;
				CLANG_ANALYZER_NONNULL = YES;
				CLANG_ANALYZER_NUMBER_OBJECT_CONVERSION = YES_AGGRESSIVE;
				CLANG_CXX_LANGUAGE_STANDARD = "gnu++20";
				CLANG_ENABLE_MODULES = YES;
				CLANG_ENABLE_OBJC_ARC = YES;
				CLANG_ENABLE_OBJC_WEAK = YES;
				CLANG_WARN_BLOCK_CAPTURE_AUTORELEASING = YES;
				CLANG_WARN_BOOL_CONVERSION = YES;
				CLANG_WARN_COMMA = YES;
				CLANG_WARN_CONSTANT_CONVERSION = YES;
				CLANG_WARN_DEPRECATED_OBJC_IMPLEMENTATIONS = YES;
				CLANG_WARN_DIRECT_OBJC_ISA_USAGE = YES_ERROR;
				CLANG_WARN_DOCUMENTATION_COMMENTS = YES;
				CLANG_WARN_EMPTY_BODY = YES;
				CLANG_WARN_ENUM_CONVERSION = YES;
				CLANG_WARN_INFINITE_RECURSION = YES;
				CLANG_WARN_INT_CONVERSION = YES;
				CLANG_WARN_NON_LITERAL_NULL_CONVERSION = YES;
				CLANG_WARN_OBJC_IMPLICIT_RETAIN_SELF = YES;
				CLANG_WARN_OBJC_LITERAL_CONVERSION = YES;
				CLANG_WARN_OBJC_ROOT_CLASS = YES_ERROR;
				CLANG_WARN_QUOTED_INCLUDE_IN_FRAMEWORK_HEADER = YES;
				CLANG_WARN_RANGE_LOOP_ANALYSIS = YES;
				CLANG_WARN_STRICT_PROTOTYPES = YES;
				CLANG_WARN_SUSPICIOUS_MOVE = YES;
				CLANG_WARN_UNGUARDED_AVAILABILITY = YES_AGGRESSIVE;
				CLANG_WARN_UNREACHABLE_CODE = YES;
				CLANG_WARN__DUPLICATE_METHOD_MATCH = YES;
				COPY_PHASE_STRIP = NO;
				DEBUG_INFORMATION_FORMAT = "dwarf-with-dsym";
				ENABLE_NS_ASSERTIONS = NO;
				ENABLE_STRICT_OBJC_MSGSEND = YES;
				ENABLE_USER_SCRIPT_SANDBOXING = YES;
				GCC_C_LANGUAGE_STANDARD = gnu17;
				GCC_NO_COMMON_BLOCKS = YES;
				GCC_WARN_64_TO_32_BIT_CONVERSION = YES;
				GCC_WARN_ABOUT_RETURN_TYPE = YES_ERROR;
				GCC_WARN_UNDECLARED_SELECTOR = YES;
				GCC_WARN_UNINITIALIZED_AUTOS = YES_AGGRESSIVE;
				GCC_WARN_UNUSED_FUNCTION = YES;
				GCC_WARN_UNUSED_VARIABLE = YES;
				IPHONEOS_DEPLOYMENT_TARGET = 17.2;
				LOCALIZATION_PREFERS_STRING_CATALOGS = YES;
				MTL_ENABLE_DEBUG_INFO = NO;
				MTL_FAST_MATH = YES;
				SDKROOT = iphoneos;
				SWIFT_COMPILATION_MODE = wholemodule;
				VALIDATE_PRODUCT = YES;
			};
			name = Release;
		};
		203410C62B86CC8700B24B4F /* Debug */ = {
			isa = XCBuildConfiguration;
			buildSettings = {
				ASSETCATALOG_COMPILER_APPICON_NAME = AppIcon;
				ASSETCATALOG_COMPILER_GLOBAL_ACCENT_COLOR_NAME = AccentColor;
				CODE_SIGN_STYLE = Automatic;
				CURRENT_PROJECT_VERSION = 1;
				GENERATE_INFOPLIST_FILE = YES;
				INFOPLIST_FILE = 44643Sec03Team04Spring2024FinalProject/Info.plist;
				INFOPLIST_KEY_UIApplicationSupportsIndirectInputEvents = YES;
				INFOPLIST_KEY_UILaunchStoryboardName = LaunchScreen;
				INFOPLIST_KEY_UIMainStoryboardFile = Main;
				INFOPLIST_KEY_UISupportedInterfaceOrientations_iPad = "UIInterfaceOrientationPortrait UIInterfaceOrientationPortraitUpsideDown UIInterfaceOrientationLandscapeLeft UIInterfaceOrientationLandscapeRight";
				INFOPLIST_KEY_UISupportedInterfaceOrientations_iPhone = "UIInterfaceOrientationPortrait UIInterfaceOrientationLandscapeLeft UIInterfaceOrientationLandscapeRight";
				LD_RUNPATH_SEARCH_PATHS = (
					"$(inherited)",
					"@executable_path/Frameworks",
				);
				MARKETING_VERSION = 1.0;
				PRODUCT_BUNDLE_IDENTIFIER = "edu.nwmissouri.spring24.cs44643.sec03.-4643Sec03Team04Spring2024FinalProject";
				PRODUCT_NAME = "$(TARGET_NAME)";
				SWIFT_EMIT_LOC_STRINGS = YES;
				SWIFT_VERSION = 5.0;
				TARGETED_DEVICE_FAMILY = "1,2";
			};
			name = Debug;
		};
		203410C72B86CC8700B24B4F /* Release */ = {
			isa = XCBuildConfiguration;
			buildSettings = {
				ASSETCATALOG_COMPILER_APPICON_NAME = AppIcon;
				ASSETCATALOG_COMPILER_GLOBAL_ACCENT_COLOR_NAME = AccentColor;
				CODE_SIGN_STYLE = Automatic;
				CURRENT_PROJECT_VERSION = 1;
				GENERATE_INFOPLIST_FILE = YES;
				INFOPLIST_FILE = 44643Sec03Team04Spring2024FinalProject/Info.plist;
				INFOPLIST_KEY_UIApplicationSupportsIndirectInputEvents = YES;
				INFOPLIST_KEY_UILaunchStoryboardName = LaunchScreen;
				INFOPLIST_KEY_UIMainStoryboardFile = Main;
				INFOPLIST_KEY_UISupportedInterfaceOrientations_iPad = "UIInterfaceOrientationPortrait UIInterfaceOrientationPortraitUpsideDown UIInterfaceOrientationLandscapeLeft UIInterfaceOrientationLandscapeRight";
				INFOPLIST_KEY_UISupportedInterfaceOrientations_iPhone = "UIInterfaceOrientationPortrait UIInterfaceOrientationLandscapeLeft UIInterfaceOrientationLandscapeRight";
				LD_RUNPATH_SEARCH_PATHS = (
					"$(inherited)",
					"@executable_path/Frameworks",
				);
				MARKETING_VERSION = 1.0;
				PRODUCT_BUNDLE_IDENTIFIER = "edu.nwmissouri.spring24.cs44643.sec03.-4643Sec03Team04Spring2024FinalProject";
				PRODUCT_NAME = "$(TARGET_NAME)";
				SWIFT_EMIT_LOC_STRINGS = YES;
				SWIFT_VERSION = 5.0;
				TARGETED_DEVICE_FAMILY = "1,2";
			};
			name = Release;
		};
/* End XCBuildConfiguration section */

/* Begin XCConfigurationList section */
		203410AC2B86CC8100B24B4F /* Build configuration list for PBXProject "44643Sec03Team04Spring2024FinalProject" */ = {
			isa = XCConfigurationList;
			buildConfigurations = (
				203410C32B86CC8700B24B4F /* Debug */,
				203410C42B86CC8700B24B4F /* Release */,
			);
			defaultConfigurationIsVisible = 0;
			defaultConfigurationName = Release;
		};
		203410C52B86CC8700B24B4F /* Build configuration list for PBXNativeTarget "44643Sec03Team04Spring2024FinalProject" */ = {
			isa = XCConfigurationList;
			buildConfigurations = (
				203410C62B86CC8700B24B4F /* Debug */,
				203410C72B86CC8700B24B4F /* Release */,
			);
			defaultConfigurationIsVisible = 0;
			defaultConfigurationName = Release;
		};
/* End XCConfigurationList section */

/* Begin XCRemoteSwiftPackageReference section */
		3C5436A22BC83FA000BEDF7B /* XCRemoteSwiftPackageReference "firebase-ios-sdk" */ = {
			isa = XCRemoteSwiftPackageReference;
			repositoryURL = "https://github.com/firebase/firebase-ios-sdk.git";
			requirement = {
				kind = upToNextMajorVersion;
				minimumVersion = 10.24.0;
			};
		};
		3CE5B17C2BCA255000322FBF /* XCRemoteSwiftPackageReference "lottie-ios" */ = {
			isa = XCRemoteSwiftPackageReference;
			repositoryURL = "https://github.com/airbnb/lottie-ios.git";
			requirement = {
				kind = upToNextMajorVersion;
				minimumVersion = 4.4.2;
			};
		};
/* End XCRemoteSwiftPackageReference section */

/* Begin XCSwiftPackageProductDependency section */
		3C5436A32BC83FA000BEDF7B /* FirebaseAnalytics */ = {
			isa = XCSwiftPackageProductDependency;
			package = 3C5436A22BC83FA000BEDF7B /* XCRemoteSwiftPackageReference "firebase-ios-sdk" */;
			productName = FirebaseAnalytics;
		};
		3C5436A52BC83FA000BEDF7B /* FirebaseAnalyticsOnDeviceConversion */ = {
			isa = XCSwiftPackageProductDependency;
			package = 3C5436A22BC83FA000BEDF7B /* XCRemoteSwiftPackageReference "firebase-ios-sdk" */;
			productName = FirebaseAnalyticsOnDeviceConversion;
		};
		3C5436A72BC83FA000BEDF7B /* FirebaseAnalyticsSwift */ = {
			isa = XCSwiftPackageProductDependency;
			package = 3C5436A22BC83FA000BEDF7B /* XCRemoteSwiftPackageReference "firebase-ios-sdk" */;
			productName = FirebaseAnalyticsSwift;
		};
		3C5436A92BC83FA000BEDF7B /* FirebaseAnalyticsWithoutAdIdSupport */ = {
			isa = XCSwiftPackageProductDependency;
			package = 3C5436A22BC83FA000BEDF7B /* XCRemoteSwiftPackageReference "firebase-ios-sdk" */;
			productName = FirebaseAnalyticsWithoutAdIdSupport;
		};
		3C5436AB2BC83FA000BEDF7B /* FirebaseAppCheck */ = {
			isa = XCSwiftPackageProductDependency;
			package = 3C5436A22BC83FA000BEDF7B /* XCRemoteSwiftPackageReference "firebase-ios-sdk" */;
			productName = FirebaseAppCheck;
		};
		3C5436AD2BC83FA000BEDF7B /* FirebaseAppDistribution-Beta */ = {
			isa = XCSwiftPackageProductDependency;
			package = 3C5436A22BC83FA000BEDF7B /* XCRemoteSwiftPackageReference "firebase-ios-sdk" */;
			productName = "FirebaseAppDistribution-Beta";
		};
		3C5436AF2BC83FA000BEDF7B /* FirebaseAuth */ = {
			isa = XCSwiftPackageProductDependency;
			package = 3C5436A22BC83FA000BEDF7B /* XCRemoteSwiftPackageReference "firebase-ios-sdk" */;
			productName = FirebaseAuth;
		};
		3C5436B12BC83FA000BEDF7B /* FirebaseAuthCombine-Community */ = {
			isa = XCSwiftPackageProductDependency;
			package = 3C5436A22BC83FA000BEDF7B /* XCRemoteSwiftPackageReference "firebase-ios-sdk" */;
			productName = "FirebaseAuthCombine-Community";
		};
		3C5436B32BC83FA000BEDF7B /* FirebaseCrashlytics */ = {
			isa = XCSwiftPackageProductDependency;
			package = 3C5436A22BC83FA000BEDF7B /* XCRemoteSwiftPackageReference "firebase-ios-sdk" */;
			productName = FirebaseCrashlytics;
		};
		3C5436B52BC83FA000BEDF7B /* FirebaseDatabase */ = {
			isa = XCSwiftPackageProductDependency;
			package = 3C5436A22BC83FA000BEDF7B /* XCRemoteSwiftPackageReference "firebase-ios-sdk" */;
			productName = FirebaseDatabase;
		};
		3C5436B72BC83FA000BEDF7B /* FirebaseDatabaseSwift */ = {
			isa = XCSwiftPackageProductDependency;
			package = 3C5436A22BC83FA000BEDF7B /* XCRemoteSwiftPackageReference "firebase-ios-sdk" */;
			productName = FirebaseDatabaseSwift;
		};
		3C5436B92BC83FA000BEDF7B /* FirebaseDynamicLinks */ = {
			isa = XCSwiftPackageProductDependency;
			package = 3C5436A22BC83FA000BEDF7B /* XCRemoteSwiftPackageReference "firebase-ios-sdk" */;
			productName = FirebaseDynamicLinks;
		};
		3C5436BB2BC83FA000BEDF7B /* FirebaseFirestore */ = {
			isa = XCSwiftPackageProductDependency;
			package = 3C5436A22BC83FA000BEDF7B /* XCRemoteSwiftPackageReference "firebase-ios-sdk" */;
			productName = FirebaseFirestore;
		};
		3C5436BD2BC83FA000BEDF7B /* FirebaseFirestoreCombine-Community */ = {
			isa = XCSwiftPackageProductDependency;
			package = 3C5436A22BC83FA000BEDF7B /* XCRemoteSwiftPackageReference "firebase-ios-sdk" */;
			productName = "FirebaseFirestoreCombine-Community";
		};
		3C5436BF2BC83FA000BEDF7B /* FirebaseFirestoreSwift */ = {
			isa = XCSwiftPackageProductDependency;
			package = 3C5436A22BC83FA000BEDF7B /* XCRemoteSwiftPackageReference "firebase-ios-sdk" */;
			productName = FirebaseFirestoreSwift;
		};
		3C5436C12BC83FA000BEDF7B /* FirebaseFunctions */ = {
			isa = XCSwiftPackageProductDependency;
			package = 3C5436A22BC83FA000BEDF7B /* XCRemoteSwiftPackageReference "firebase-ios-sdk" */;
			productName = FirebaseFunctions;
		};
		3C5436C32BC83FA000BEDF7B /* FirebaseFunctionsCombine-Community */ = {
			isa = XCSwiftPackageProductDependency;
			package = 3C5436A22BC83FA000BEDF7B /* XCRemoteSwiftPackageReference "firebase-ios-sdk" */;
			productName = "FirebaseFunctionsCombine-Community";
		};
		3C5436C52BC83FA000BEDF7B /* FirebaseInAppMessaging-Beta */ = {
			isa = XCSwiftPackageProductDependency;
			package = 3C5436A22BC83FA000BEDF7B /* XCRemoteSwiftPackageReference "firebase-ios-sdk" */;
			productName = "FirebaseInAppMessaging-Beta";
		};
		3C5436C72BC83FA000BEDF7B /* FirebaseInAppMessagingSwift-Beta */ = {
			isa = XCSwiftPackageProductDependency;
			package = 3C5436A22BC83FA000BEDF7B /* XCRemoteSwiftPackageReference "firebase-ios-sdk" */;
			productName = "FirebaseInAppMessagingSwift-Beta";
		};
		3C5436C92BC83FA000BEDF7B /* FirebaseInstallations */ = {
			isa = XCSwiftPackageProductDependency;
			package = 3C5436A22BC83FA000BEDF7B /* XCRemoteSwiftPackageReference "firebase-ios-sdk" */;
			productName = FirebaseInstallations;
		};
		3C5436CB2BC83FA000BEDF7B /* FirebaseMLModelDownloader */ = {
			isa = XCSwiftPackageProductDependency;
			package = 3C5436A22BC83FA000BEDF7B /* XCRemoteSwiftPackageReference "firebase-ios-sdk" */;
			productName = FirebaseMLModelDownloader;
		};
		3C5436CD2BC83FA000BEDF7B /* FirebaseMessaging */ = {
			isa = XCSwiftPackageProductDependency;
			package = 3C5436A22BC83FA000BEDF7B /* XCRemoteSwiftPackageReference "firebase-ios-sdk" */;
			productName = FirebaseMessaging;
		};
		3C5436CF2BC83FA000BEDF7B /* FirebasePerformance */ = {
			isa = XCSwiftPackageProductDependency;
			package = 3C5436A22BC83FA000BEDF7B /* XCRemoteSwiftPackageReference "firebase-ios-sdk" */;
			productName = FirebasePerformance;
		};
		3C5436D12BC83FA000BEDF7B /* FirebaseRemoteConfig */ = {
			isa = XCSwiftPackageProductDependency;
			package = 3C5436A22BC83FA000BEDF7B /* XCRemoteSwiftPackageReference "firebase-ios-sdk" */;
			productName = FirebaseRemoteConfig;
		};
		3C5436D32BC83FA000BEDF7B /* FirebaseRemoteConfigSwift */ = {
			isa = XCSwiftPackageProductDependency;
			package = 3C5436A22BC83FA000BEDF7B /* XCRemoteSwiftPackageReference "firebase-ios-sdk" */;
			productName = FirebaseRemoteConfigSwift;
		};
		3C5436D52BC83FA000BEDF7B /* FirebaseStorage */ = {
			isa = XCSwiftPackageProductDependency;
			package = 3C5436A22BC83FA000BEDF7B /* XCRemoteSwiftPackageReference "firebase-ios-sdk" */;
			productName = FirebaseStorage;
		};
		3C5436D72BC83FA000BEDF7B /* FirebaseStorageCombine-Community */ = {
			isa = XCSwiftPackageProductDependency;
			package = 3C5436A22BC83FA000BEDF7B /* XCRemoteSwiftPackageReference "firebase-ios-sdk" */;
			productName = "FirebaseStorageCombine-Community";
		};
		3CE5B17D2BCA255000322FBF /* Lottie */ = {
			isa = XCSwiftPackageProductDependency;
			package = 3CE5B17C2BCA255000322FBF /* XCRemoteSwiftPackageReference "lottie-ios" */;
			productName = Lottie;
		};
/* End XCSwiftPackageProductDependency section */
	};
	rootObject = 203410A92B86CC8100B24B4F /* Project object */;
}
