// !$*UTF8*$!
{
	archiveVersion = 1;
	classes = {
	};
	objectVersion = 56;
	objects = {

/* Begin PBXBuildFile section */
		07277FED2BD2DF0D00B67A1A /* OrderHistoryVC.swift in Sources */ = {isa = PBXBuildFile; fileRef = 07277FEC2BD2DF0D00B67A1A /* OrderHistoryVC.swift */; };
		203410B52B86CC8100B24B4F /* AppDelegate.swift in Sources */ = {isa = PBXBuildFile; fileRef = 203410B42B86CC8100B24B4F /* AppDelegate.swift */; };
		203410B72B86CC8100B24B4F /* SceneDelegate.swift in Sources */ = {isa = PBXBuildFile; fileRef = 203410B62B86CC8100B24B4F /* SceneDelegate.swift */; };
		203410B92B86CC8100B24B4F /* ViewController.swift in Sources */ = {isa = PBXBuildFile; fileRef = 203410B82B86CC8100B24B4F /* ViewController.swift */; };
		203410BC2B86CC8100B24B4F /* Main.storyboard in Resources */ = {isa = PBXBuildFile; fileRef = 203410BA2B86CC8100B24B4F /* Main.storyboard */; };
		203410BE2B86CC8700B24B4F /* Assets.xcassets in Resources */ = {isa = PBXBuildFile; fileRef = 203410BD2B86CC8700B24B4F /* Assets.xcassets */; };
		203410C12B86CC8700B24B4F /* LaunchScreen.storyboard in Resources */ = {isa = PBXBuildFile; fileRef = 203410BF2B86CC8700B24B4F /* LaunchScreen.storyboard */; };
		203F6C712BCF1C3C0046E8F2 /* UserHomeVC.swift in Sources */ = {isa = PBXBuildFile; fileRef = 203F6C702BCF1C3C0046E8F2 /* UserHomeVC.swift */; };
		203F6C732BCF1C7D0046E8F2 /* Model.swift in Sources */ = {isa = PBXBuildFile; fileRef = 203F6C722BCF1C7D0046E8F2 /* Model.swift */; };
		203F6C752BCF1CD40046E8F2 /* ProductDetailsVC.swift in Sources */ = {isa = PBXBuildFile; fileRef = 203F6C742BCF1CD40046E8F2 /* ProductDetailsVC.swift */; };
		203F6C772BCF1D140046E8F2 /* ProductView.xib in Resources */ = {isa = PBXBuildFile; fileRef = 203F6C762BCF1D140046E8F2 /* ProductView.xib */; };
		203F6C792BCF1D340046E8F2 /* ProductView.swift in Sources */ = {isa = PBXBuildFile; fileRef = 203F6C782BCF1D340046E8F2 /* ProductView.swift */; };
		204D1FDD2BC45C80001E8E2A /* AuthenticationModel.swift in Sources */ = {isa = PBXBuildFile; fileRef = 204D1FDC2BC45C80001E8E2A /* AuthenticationModel.swift */; };
		204D1FDF2BC48B60001E8E2A /* ResetPasswordVC.swift in Sources */ = {isa = PBXBuildFile; fileRef = 204D1FDE2BC48B60001E8E2A /* ResetPasswordVC.swift */; };
		20BB2A402B89679700AF2548 /* LoginVC.swift in Sources */ = {isa = PBXBuildFile; fileRef = 20BB2A3F2B89679700AF2548 /* LoginVC.swift */; };
		20CB1B902B991CB30041FBDD /* RegisterationVC.swift in Sources */ = {isa = PBXBuildFile; fileRef = 20CB1B8F2B991CB30041FBDD /* RegisterationVC.swift */; };
		3C0837F22BCCEE4700C04BE7 /* AccountVC.swift in Sources */ = {isa = PBXBuildFile; fileRef = 3C0837F12BCCEE4700C04BE7 /* AccountVC.swift */; };
		3C0838092BCE486100C04BE7 /* ModificationVC.swift in Sources */ = {isa = PBXBuildFile; fileRef = 3C0838082BCE486100C04BE7 /* ModificationVC.swift */; };
		3C29490C2BCF7A0400B943E1 /* FirebaseAnalytics in Frameworks */ = {isa = PBXBuildFile; productRef = 3C29490B2BCF7A0400B943E1 /* FirebaseAnalytics */; };
		3C29490E2BCF7A0400B943E1 /* FirebaseAnalyticsOnDeviceConversion in Frameworks */ = {isa = PBXBuildFile; productRef = 3C29490D2BCF7A0400B943E1 /* FirebaseAnalyticsOnDeviceConversion */; };
		3C2949102BCF7A0400B943E1 /* FirebaseAnalyticsSwift in Frameworks */ = {isa = PBXBuildFile; productRef = 3C29490F2BCF7A0400B943E1 /* FirebaseAnalyticsSwift */; };
		3C2949122BCF7A0400B943E1 /* FirebaseAnalyticsWithoutAdIdSupport in Frameworks */ = {isa = PBXBuildFile; productRef = 3C2949112BCF7A0400B943E1 /* FirebaseAnalyticsWithoutAdIdSupport */; };
		3C2949142BCF7A0400B943E1 /* FirebaseAppCheck in Frameworks */ = {isa = PBXBuildFile; productRef = 3C2949132BCF7A0400B943E1 /* FirebaseAppCheck */; };
		3C2949162BCF7A0400B943E1 /* FirebaseAppDistribution-Beta in Frameworks */ = {isa = PBXBuildFile; productRef = 3C2949152BCF7A0400B943E1 /* FirebaseAppDistribution-Beta */; };
		3C2949182BCF7A0400B943E1 /* FirebaseAuth in Frameworks */ = {isa = PBXBuildFile; productRef = 3C2949172BCF7A0400B943E1 /* FirebaseAuth */; };
		3C29491A2BCF7A0400B943E1 /* FirebaseAuthCombine-Community in Frameworks */ = {isa = PBXBuildFile; productRef = 3C2949192BCF7A0400B943E1 /* FirebaseAuthCombine-Community */; };
		3C29491C2BCF7A0400B943E1 /* FirebaseCrashlytics in Frameworks */ = {isa = PBXBuildFile; productRef = 3C29491B2BCF7A0400B943E1 /* FirebaseCrashlytics */; };
		3C29491E2BCF7A0400B943E1 /* FirebaseDatabase in Frameworks */ = {isa = PBXBuildFile; productRef = 3C29491D2BCF7A0400B943E1 /* FirebaseDatabase */; };
		3C2949202BCF7A0400B943E1 /* FirebaseDatabaseSwift in Frameworks */ = {isa = PBXBuildFile; productRef = 3C29491F2BCF7A0400B943E1 /* FirebaseDatabaseSwift */; };
		3C2949222BCF7A0400B943E1 /* FirebaseDynamicLinks in Frameworks */ = {isa = PBXBuildFile; productRef = 3C2949212BCF7A0400B943E1 /* FirebaseDynamicLinks */; };
		3C2949242BCF7A0400B943E1 /* FirebaseFirestore in Frameworks */ = {isa = PBXBuildFile; productRef = 3C2949232BCF7A0400B943E1 /* FirebaseFirestore */; };
		3C2949262BCF7A0400B943E1 /* FirebaseFirestoreCombine-Community in Frameworks */ = {isa = PBXBuildFile; productRef = 3C2949252BCF7A0400B943E1 /* FirebaseFirestoreCombine-Community */; };
		3C2949282BCF7A0400B943E1 /* FirebaseFirestoreSwift in Frameworks */ = {isa = PBXBuildFile; productRef = 3C2949272BCF7A0400B943E1 /* FirebaseFirestoreSwift */; };
		3C29492A2BCF7A0400B943E1 /* FirebaseFunctions in Frameworks */ = {isa = PBXBuildFile; productRef = 3C2949292BCF7A0400B943E1 /* FirebaseFunctions */; };
		3C29492C2BCF7A0400B943E1 /* FirebaseFunctionsCombine-Community in Frameworks */ = {isa = PBXBuildFile; productRef = 3C29492B2BCF7A0400B943E1 /* FirebaseFunctionsCombine-Community */; };
		3C29492E2BCF7A0400B943E1 /* FirebaseInAppMessaging-Beta in Frameworks */ = {isa = PBXBuildFile; productRef = 3C29492D2BCF7A0400B943E1 /* FirebaseInAppMessaging-Beta */; };
		3C2949302BCF7A0400B943E1 /* FirebaseInAppMessagingSwift-Beta in Frameworks */ = {isa = PBXBuildFile; productRef = 3C29492F2BCF7A0400B943E1 /* FirebaseInAppMessagingSwift-Beta */; };
		3C2949322BCF7A0400B943E1 /* FirebaseInstallations in Frameworks */ = {isa = PBXBuildFile; productRef = 3C2949312BCF7A0400B943E1 /* FirebaseInstallations */; };
		3C2949342BCF7A0400B943E1 /* FirebaseMLModelDownloader in Frameworks */ = {isa = PBXBuildFile; productRef = 3C2949332BCF7A0400B943E1 /* FirebaseMLModelDownloader */; };
		3C2949362BCF7A0400B943E1 /* FirebaseMessaging in Frameworks */ = {isa = PBXBuildFile; productRef = 3C2949352BCF7A0400B943E1 /* FirebaseMessaging */; };
		3C2949382BCF7A0400B943E1 /* FirebasePerformance in Frameworks */ = {isa = PBXBuildFile; productRef = 3C2949372BCF7A0400B943E1 /* FirebasePerformance */; };
		3C29493A2BCF7A0400B943E1 /* FirebaseRemoteConfig in Frameworks */ = {isa = PBXBuildFile; productRef = 3C2949392BCF7A0400B943E1 /* FirebaseRemoteConfig */; };
		3C29493C2BCF7A0400B943E1 /* FirebaseRemoteConfigSwift in Frameworks */ = {isa = PBXBuildFile; productRef = 3C29493B2BCF7A0400B943E1 /* FirebaseRemoteConfigSwift */; };
		3C29493E2BCF7A0400B943E1 /* FirebaseStorage in Frameworks */ = {isa = PBXBuildFile; productRef = 3C29493D2BCF7A0400B943E1 /* FirebaseStorage */; };
		3C2949402BCF7A0400B943E1 /* FirebaseStorageCombine-Community in Frameworks */ = {isa = PBXBuildFile; productRef = 3C29493F2BCF7A0400B943E1 /* FirebaseStorageCombine-Community */; };
		3C2949432BCF7A2100B943E1 /* Lottie in Frameworks */ = {isa = PBXBuildFile; productRef = 3C2949422BCF7A2100B943E1 /* Lottie */; };
		3C2949462BCF7A4B00B943E1 /* SDWebImage in Frameworks */ = {isa = PBXBuildFile; productRef = 3C2949452BCF7A4B00B943E1 /* SDWebImage */; };
		3C2949482BCF7A4B00B943E1 /* SDWebImageMapKit in Frameworks */ = {isa = PBXBuildFile; productRef = 3C2949472BCF7A4B00B943E1 /* SDWebImageMapKit */; };
		3C29494A2BD037E100B943E1 /* UserAccount.swift in Sources */ = {isa = PBXBuildFile; fileRef = 3C2949492BD037E100B943E1 /* UserAccount.swift */; };
		3C2CBE842BD20797006A14CA /* mapVC.swift in Sources */ = {isa = PBXBuildFile; fileRef = 3C2CBE832BD20797006A14CA /* mapVC.swift */; };
		3CA7E2DE2BB3E42000E68398 /* GoogleService-Info.plist in Resources */ = {isa = PBXBuildFile; fileRef = 3CA7E2DD2BB3E42000E68398 /* GoogleService-Info.plist */; };
		3CE5B1802BCA271600322FBF /* HomeVC.swift in Sources */ = {isa = PBXBuildFile; fileRef = 3CE5B17F2BCA271600322FBF /* HomeVC.swift */; };
		3CE5B1822BCA273C00322FBF /* OwnerVC.swift in Sources */ = {isa = PBXBuildFile; fileRef = 3CE5B1812BCA273C00322FBF /* OwnerVC.swift */; };
		3CE5B1842BCA275200322FBF /* PostVC.swift in Sources */ = {isa = PBXBuildFile; fileRef = 3CE5B1832BCA275200322FBF /* PostVC.swift */; };
/* End PBXBuildFile section */

/* Begin PBXFileReference section */
		07277FEC2BD2DF0D00B67A1A /* OrderHistoryVC.swift */ = {isa = PBXFileReference; lastKnownFileType = sourcecode.swift; path = OrderHistoryVC.swift; sourceTree = "<group>"; };
		203410B12B86CC8100B24B4F /* 44643Sec03Team04Spring2024FinalProject.app */ = {isa = PBXFileReference; explicitFileType = wrapper.application; includeInIndex = 0; path = 44643Sec03Team04Spring2024FinalProject.app; sourceTree = BUILT_PRODUCTS_DIR; };
		203410B42B86CC8100B24B4F /* AppDelegate.swift */ = {isa = PBXFileReference; lastKnownFileType = sourcecode.swift; path = AppDelegate.swift; sourceTree = "<group>"; };
		203410B62B86CC8100B24B4F /* SceneDelegate.swift */ = {isa = PBXFileReference; lastKnownFileType = sourcecode.swift; path = SceneDelegate.swift; sourceTree = "<group>"; };
		203410B82B86CC8100B24B4F /* ViewController.swift */ = {isa = PBXFileReference; lastKnownFileType = sourcecode.swift; path = ViewController.swift; sourceTree = "<group>"; };
		203410BB2B86CC8100B24B4F /* Base */ = {isa = PBXFileReference; lastKnownFileType = file.storyboard; name = Base; path = Base.lproj/Main.storyboard; sourceTree = "<group>"; };
		203410BD2B86CC8700B24B4F /* Assets.xcassets */ = {isa = PBXFileReference; lastKnownFileType = folder.assetcatalog; path = Assets.xcassets; sourceTree = "<group>"; };
		203410C02B86CC8700B24B4F /* Base */ = {isa = PBXFileReference; lastKnownFileType = file.storyboard; name = Base; path = Base.lproj/LaunchScreen.storyboard; sourceTree = "<group>"; };
		203410C22B86CC8700B24B4F /* Info.plist */ = {isa = PBXFileReference; lastKnownFileType = text.plist.xml; path = Info.plist; sourceTree = "<group>"; };
		203F6C702BCF1C3C0046E8F2 /* UserHomeVC.swift */ = {isa = PBXFileReference; lastKnownFileType = sourcecode.swift; path = UserHomeVC.swift; sourceTree = "<group>"; };
		203F6C722BCF1C7D0046E8F2 /* Model.swift */ = {isa = PBXFileReference; lastKnownFileType = sourcecode.swift; path = Model.swift; sourceTree = "<group>"; };
		203F6C742BCF1CD40046E8F2 /* ProductDetailsVC.swift */ = {isa = PBXFileReference; lastKnownFileType = sourcecode.swift; path = ProductDetailsVC.swift; sourceTree = "<group>"; };
		203F6C762BCF1D140046E8F2 /* ProductView.xib */ = {isa = PBXFileReference; lastKnownFileType = file.xib; path = ProductView.xib; sourceTree = "<group>"; };
		203F6C782BCF1D340046E8F2 /* ProductView.swift */ = {isa = PBXFileReference; lastKnownFileType = sourcecode.swift; path = ProductView.swift; sourceTree = "<group>"; };
		204D1FDC2BC45C80001E8E2A /* AuthenticationModel.swift */ = {isa = PBXFileReference; lastKnownFileType = sourcecode.swift; path = AuthenticationModel.swift; sourceTree = "<group>"; };
		204D1FDE2BC48B60001E8E2A /* ResetPasswordVC.swift */ = {isa = PBXFileReference; lastKnownFileType = sourcecode.swift; path = ResetPasswordVC.swift; sourceTree = "<group>"; };
		20BB2A3F2B89679700AF2548 /* LoginVC.swift */ = {isa = PBXFileReference; lastKnownFileType = sourcecode.swift; path = LoginVC.swift; sourceTree = "<group>"; };
		20CB1B8F2B991CB30041FBDD /* RegisterationVC.swift */ = {isa = PBXFileReference; lastKnownFileType = sourcecode.swift; path = RegisterationVC.swift; sourceTree = "<group>"; };
		3C0837F12BCCEE4700C04BE7 /* AccountVC.swift */ = {isa = PBXFileReference; lastKnownFileType = sourcecode.swift; path = AccountVC.swift; sourceTree = "<group>"; };
		3C0838082BCE486100C04BE7 /* ModificationVC.swift */ = {isa = PBXFileReference; lastKnownFileType = sourcecode.swift; path = ModificationVC.swift; sourceTree = "<group>"; };
		3C2949492BD037E100B943E1 /* UserAccount.swift */ = {isa = PBXFileReference; lastKnownFileType = sourcecode.swift; path = UserAccount.swift; sourceTree = "<group>"; };
		3C2CBE832BD20797006A14CA /* mapVC.swift */ = {isa = PBXFileReference; lastKnownFileType = sourcecode.swift; path = mapVC.swift; sourceTree = "<group>"; };
		3CA7E2DD2BB3E42000E68398 /* GoogleService-Info.plist */ = {isa = PBXFileReference; fileEncoding = 4; lastKnownFileType = text.plist.xml; path = "GoogleService-Info.plist"; sourceTree = "<group>"; };
		3CE5B17F2BCA271600322FBF /* HomeVC.swift */ = {isa = PBXFileReference; lastKnownFileType = sourcecode.swift; path = HomeVC.swift; sourceTree = "<group>"; };
		3CE5B1812BCA273C00322FBF /* OwnerVC.swift */ = {isa = PBXFileReference; lastKnownFileType = sourcecode.swift; path = OwnerVC.swift; sourceTree = "<group>"; };
		3CE5B1832BCA275200322FBF /* PostVC.swift */ = {isa = PBXFileReference; lastKnownFileType = sourcecode.swift; path = PostVC.swift; sourceTree = "<group>"; };
/* End PBXFileReference section */

/* Begin PBXFrameworksBuildPhase section */
		203410AE2B86CC8100B24B4F /* Frameworks */ = {
			isa = PBXFrameworksBuildPhase;
			buildActionMask = 2147483647;
			files = (
				3C29491E2BCF7A0400B943E1 /* FirebaseDatabase in Frameworks */,
				3C29492C2BCF7A0400B943E1 /* FirebaseFunctionsCombine-Community in Frameworks */,
				3C2949242BCF7A0400B943E1 /* FirebaseFirestore in Frameworks */,
				3C2949102BCF7A0400B943E1 /* FirebaseAnalyticsSwift in Frameworks */,
				3C29490C2BCF7A0400B943E1 /* FirebaseAnalytics in Frameworks */,
				3C29490E2BCF7A0400B943E1 /* FirebaseAnalyticsOnDeviceConversion in Frameworks */,
				3C2949342BCF7A0400B943E1 /* FirebaseMLModelDownloader in Frameworks */,
				3C2949462BCF7A4B00B943E1 /* SDWebImage in Frameworks */,
				3C2949282BCF7A0400B943E1 /* FirebaseFirestoreSwift in Frameworks */,
				3C2949142BCF7A0400B943E1 /* FirebaseAppCheck in Frameworks */,
				3C2949122BCF7A0400B943E1 /* FirebaseAnalyticsWithoutAdIdSupport in Frameworks */,
				3C2949182BCF7A0400B943E1 /* FirebaseAuth in Frameworks */,
				3C29491C2BCF7A0400B943E1 /* FirebaseCrashlytics in Frameworks */,
				3C29493C2BCF7A0400B943E1 /* FirebaseRemoteConfigSwift in Frameworks */,
				3C29492E2BCF7A0400B943E1 /* FirebaseInAppMessaging-Beta in Frameworks */,
				3C2949202BCF7A0400B943E1 /* FirebaseDatabaseSwift in Frameworks */,
				3C2949482BCF7A4B00B943E1 /* SDWebImageMapKit in Frameworks */,
				3C2949432BCF7A2100B943E1 /* Lottie in Frameworks */,
				3C29492A2BCF7A0400B943E1 /* FirebaseFunctions in Frameworks */,
				3C2949402BCF7A0400B943E1 /* FirebaseStorageCombine-Community in Frameworks */,
				3C29493A2BCF7A0400B943E1 /* FirebaseRemoteConfig in Frameworks */,
				3C2949162BCF7A0400B943E1 /* FirebaseAppDistribution-Beta in Frameworks */,
				3C29491A2BCF7A0400B943E1 /* FirebaseAuthCombine-Community in Frameworks */,
				3C2949382BCF7A0400B943E1 /* FirebasePerformance in Frameworks */,
				3C2949302BCF7A0400B943E1 /* FirebaseInAppMessagingSwift-Beta in Frameworks */,
				3C29493E2BCF7A0400B943E1 /* FirebaseStorage in Frameworks */,
				3C2949222BCF7A0400B943E1 /* FirebaseDynamicLinks in Frameworks */,
				3C2949262BCF7A0400B943E1 /* FirebaseFirestoreCombine-Community in Frameworks */,
				3C2949362BCF7A0400B943E1 /* FirebaseMessaging in Frameworks */,
				3C2949322BCF7A0400B943E1 /* FirebaseInstallations in Frameworks */,
			);
			runOnlyForDeploymentPostprocessing = 0;
		};
/* End PBXFrameworksBuildPhase section */

/* Begin PBXGroup section */
		203410A82B86CC8100B24B4F = {
			isa = PBXGroup;
			children = (
				203410B32B86CC8100B24B4F /* 44643Sec03Team04Spring2024FinalProject */,
				203410B22B86CC8100B24B4F /* Products */,
				3C0838012BCE06E500C04BE7 /* Frameworks */,
			);
			sourceTree = "<group>";
		};
		203410B22B86CC8100B24B4F /* Products */ = {
			isa = PBXGroup;
			children = (
				203410B12B86CC8100B24B4F /* 44643Sec03Team04Spring2024FinalProject.app */,
			);
			name = Products;
			sourceTree = "<group>";
		};
		203410B32B86CC8100B24B4F /* 44643Sec03Team04Spring2024FinalProject */ = {
			isa = PBXGroup;
			children = (
				20BB2A3E2B86E92500AF2548 /* supportfiles */,
				203410BA2B86CC8100B24B4F /* Main.storyboard */,
				207A8E612BD09E0C004C23A1 /* ProductView */,
				203F6C702BCF1C3C0046E8F2 /* UserHomeVC.swift */,
				203F6C722BCF1C7D0046E8F2 /* Model.swift */,
				3C2CBE832BD20797006A14CA /* mapVC.swift */,
				203F6C742BCF1CD40046E8F2 /* ProductDetailsVC.swift */,
				3C0838082BCE486100C04BE7 /* ModificationVC.swift */,
				3C0837F12BCCEE4700C04BE7 /* AccountVC.swift */,
				3CE5B1832BCA275200322FBF /* PostVC.swift */,
				3CE5B1812BCA273C00322FBF /* OwnerVC.swift */,
				3CE5B17F2BCA271600322FBF /* HomeVC.swift */,
				20BB2A3F2B89679700AF2548 /* LoginVC.swift */,
				204D1FDC2BC45C80001E8E2A /* AuthenticationModel.swift */,
				20CB1B8F2B991CB30041FBDD /* RegisterationVC.swift */,
				204D1FDE2BC48B60001E8E2A /* ResetPasswordVC.swift */,
				203410B82B86CC8100B24B4F /* ViewController.swift */,
				203410BD2B86CC8700B24B4F /* Assets.xcassets */,
				203410BF2B86CC8700B24B4F /* LaunchScreen.storyboard */,
				203410C22B86CC8700B24B4F /* Info.plist */,
				3CA7E2DD2BB3E42000E68398 /* GoogleService-Info.plist */,
			);
			path = 44643Sec03Team04Spring2024FinalProject;
			sourceTree = "<group>";
		};
		207A8E612BD09E0C004C23A1 /* ProductView */ = {
			isa = PBXGroup;
			children = (
				203F6C762BCF1D140046E8F2 /* ProductView.xib */,
				203F6C782BCF1D340046E8F2 /* ProductView.swift */,
				07277FEC2BD2DF0D00B67A1A /* OrderHistoryVC.swift */,
			);
			path = ProductView;
			sourceTree = "<group>";
		};
		20BB2A3E2B86E92500AF2548 /* supportfiles */ = {
			isa = PBXGroup;
			children = (
				203410B42B86CC8100B24B4F /* AppDelegate.swift */,
				203410B62B86CC8100B24B4F /* SceneDelegate.swift */,
			);
			path = supportfiles;
			sourceTree = "<group>";
		};
		3C0838012BCE06E500C04BE7 /* Frameworks */ = {
			isa = PBXGroup;
			children = (
			);
			name = Frameworks;
			sourceTree = "<group>";
		};
/* End PBXGroup section */

/* Begin PBXNativeTarget section */
		203410B02B86CC8100B24B4F /* 44643Sec03Team04Spring2024FinalProject */ = {
			isa = PBXNativeTarget;
			buildConfigurationList = 203410C52B86CC8700B24B4F /* Build configuration list for PBXNativeTarget "44643Sec03Team04Spring2024FinalProject" */;
			buildPhases = (
				203410AD2B86CC8100B24B4F /* Sources */,
				203410AE2B86CC8100B24B4F /* Frameworks */,
				203410AF2B86CC8100B24B4F /* Resources */,
			);
			buildRules = (
			);
			dependencies = (
			);
			name = 44643Sec03Team04Spring2024FinalProject;
			packageProductDependencies = (
				3C29490B2BCF7A0400B943E1 /* FirebaseAnalytics */,
				3C29490D2BCF7A0400B943E1 /* FirebaseAnalyticsOnDeviceConversion */,
				3C29490F2BCF7A0400B943E1 /* FirebaseAnalyticsSwift */,
				3C2949112BCF7A0400B943E1 /* FirebaseAnalyticsWithoutAdIdSupport */,
				3C2949132BCF7A0400B943E1 /* FirebaseAppCheck */,
				3C2949152BCF7A0400B943E1 /* FirebaseAppDistribution-Beta */,
				3C2949172BCF7A0400B943E1 /* FirebaseAuth */,
				3C2949192BCF7A0400B943E1 /* FirebaseAuthCombine-Community */,
				3C29491B2BCF7A0400B943E1 /* FirebaseCrashlytics */,
				3C29491D2BCF7A0400B943E1 /* FirebaseDatabase */,
				3C29491F2BCF7A0400B943E1 /* FirebaseDatabaseSwift */,
				3C2949212BCF7A0400B943E1 /* FirebaseDynamicLinks */,
				3C2949232BCF7A0400B943E1 /* FirebaseFirestore */,
				3C2949252BCF7A0400B943E1 /* FirebaseFirestoreCombine-Community */,
				3C2949272BCF7A0400B943E1 /* FirebaseFirestoreSwift */,
				3C2949292BCF7A0400B943E1 /* FirebaseFunctions */,
				3C29492B2BCF7A0400B943E1 /* FirebaseFunctionsCombine-Community */,
				3C29492D2BCF7A0400B943E1 /* FirebaseInAppMessaging-Beta */,
				3C29492F2BCF7A0400B943E1 /* FirebaseInAppMessagingSwift-Beta */,
				3C2949312BCF7A0400B943E1 /* FirebaseInstallations */,
				3C2949332BCF7A0400B943E1 /* FirebaseMLModelDownloader */,
				3C2949352BCF7A0400B943E1 /* FirebaseMessaging */,
				3C2949372BCF7A0400B943E1 /* FirebasePerformance */,
				3C2949392BCF7A0400B943E1 /* FirebaseRemoteConfig */,
				3C29493B2BCF7A0400B943E1 /* FirebaseRemoteConfigSwift */,
				3C29493D2BCF7A0400B943E1 /* FirebaseStorage */,
				3C29493F2BCF7A0400B943E1 /* FirebaseStorageCombine-Community */,
				3C2949422BCF7A2100B943E1 /* Lottie */,
				3C2949452BCF7A4B00B943E1 /* SDWebImage */,
				3C2949472BCF7A4B00B943E1 /* SDWebImageMapKit */,
			);
			productName = 44643Sec03Team04Spring2024FinalProject;
			productReference = 203410B12B86CC8100B24B4F /* 44643Sec03Team04Spring2024FinalProject.app */;
			productType = "com.apple.product-type.application";
		};
/* End PBXNativeTarget section */

/* Begin PBXProject section */
		203410A92B86CC8100B24B4F /* Project object */ = {
			isa = PBXProject;
			attributes = {
				BuildIndependentTargetsInParallel = 1;
				LastSwiftUpdateCheck = 1520;
				LastUpgradeCheck = 1520;
				TargetAttributes = {
					203410B02B86CC8100B24B4F = {
						CreatedOnToolsVersion = 15.2;
					};
				};
			};
			buildConfigurationList = 203410AC2B86CC8100B24B4F /* Build configuration list for PBXProject "44643Sec03Team04Spring2024FinalProject" */;
			compatibilityVersion = "Xcode 14.0";
			developmentRegion = en;
			hasScannedForEncodings = 0;
			knownRegions = (
				en,
				Base,
			);
			mainGroup = 203410A82B86CC8100B24B4F;
			packageReferences = (
				3C29490A2BCF7A0400B943E1 /* XCRemoteSwiftPackageReference "firebase-ios-sdk" */,
				3C2949412BCF7A2100B943E1 /* XCRemoteSwiftPackageReference "lottie-ios" */,
				3C2949442BCF7A4B00B943E1 /* XCRemoteSwiftPackageReference "SDWebImage" */,
			);
			productRefGroup = 203410B22B86CC8100B24B4F /* Products */;
			projectDirPath = "";
			projectRoot = "";
			targets = (
				203410B02B86CC8100B24B4F /* 44643Sec03Team04Spring2024FinalProject */,
			);
		};
/* End PBXProject section */

/* Begin PBXResourcesBuildPhase section */
		203410AF2B86CC8100B24B4F /* Resources */ = {
			isa = PBXResourcesBuildPhase;
			buildActionMask = 2147483647;
			files = (
				203410C12B86CC8700B24B4F /* LaunchScreen.storyboard in Resources */,
				203410BE2B86CC8700B24B4F /* Assets.xcassets in Resources */,
				3CA7E2DE2BB3E42000E68398 /* GoogleService-Info.plist in Resources */,
				203F6C772BCF1D140046E8F2 /* ProductView.xib in Resources */,
				203410BC2B86CC8100B24B4F /* Main.storyboard in Resources */,
			);
			runOnlyForDeploymentPostprocessing = 0;
		};
/* End PBXResourcesBuildPhase section */

/* Begin PBXSourcesBuildPhase section */
		203410AD2B86CC8100B24B4F /* Sources */ = {
			isa = PBXSourcesBuildPhase;
			buildActionMask = 2147483647;
			files = (
				203F6C732BCF1C7D0046E8F2 /* Model.swift in Sources */,
				203F6C752BCF1CD40046E8F2 /* ProductDetailsVC.swift in Sources */,
				203410B92B86CC8100B24B4F /* ViewController.swift in Sources */,
				3C0838092BCE486100C04BE7 /* ModificationVC.swift in Sources */,
				3C2CBE842BD20797006A14CA /* mapVC.swift in Sources */,
				203F6C792BCF1D340046E8F2 /* ProductView.swift in Sources */,
				203410B52B86CC8100B24B4F /* AppDelegate.swift in Sources */,
				203410B72B86CC8100B24B4F /* SceneDelegate.swift in Sources */,
				3CE5B1802BCA271600322FBF /* HomeVC.swift in Sources */,
				204D1FDD2BC45C80001E8E2A /* AuthenticationModel.swift in Sources */,
				204D1FDF2BC48B60001E8E2A /* ResetPasswordVC.swift in Sources */,
				3CE5B1822BCA273C00322FBF /* OwnerVC.swift in Sources */,
				203F6C712BCF1C3C0046E8F2 /* UserHomeVC.swift in Sources */,
				3C0837F22BCCEE4700C04BE7 /* AccountVC.swift in Sources */,
				07277FED2BD2DF0D00B67A1A /* OrderHistoryVC.swift in Sources */,
				20CB1B902B991CB30041FBDD /* RegisterationVC.swift in Sources */,
				20BB2A402B89679700AF2548 /* LoginVC.swift in Sources */,
				3CE5B1842BCA275200322FBF /* PostVC.swift in Sources */,
			);
			runOnlyForDeploymentPostprocessing = 0;
		};
/* End PBXSourcesBuildPhase section */

/* Begin PBXVariantGroup section */
		203410BA2B86CC8100B24B4F /* Main.storyboard */ = {
			isa = PBXVariantGroup;
			children = (
				203410BB2B86CC8100B24B4F /* Base */,
			);
			name = Main.storyboard;
			sourceTree = "<group>";
		};
		203410BF2B86CC8700B24B4F /* LaunchScreen.storyboard */ = {
			isa = PBXVariantGroup;
			children = (
				203410C02B86CC8700B24B4F /* Base */,
			);
			name = LaunchScreen.storyboard;
			sourceTree = "<group>";
		};
/* End PBXVariantGroup section */

/* Begin XCBuildConfiguration section */
		203410C32B86CC8700B24B4F /* Debug */ = {
			isa = XCBuildConfiguration;
			buildSettings = {
				ALWAYS_SEARCH_USER_PATHS = NO;
				ASSETCATALOG_COMPILER_GENERATE_SWIFT_ASSET_SYMBOL_EXTENSIONS = YES;
				CLANG_ANALYZER_NONNULL = YES;
				CLANG_ANALYZER_NUMBER_OBJECT_CONVERSION = YES_AGGRESSIVE;
				CLANG_CXX_LANGUAGE_STANDARD = "gnu++20";
				CLANG_ENABLE_MODULES = YES;
				CLANG_ENABLE_OBJC_ARC = YES;
				CLANG_ENABLE_OBJC_WEAK = YES;
				CLANG_WARN_BLOCK_CAPTURE_AUTORELEASING = YES;
				CLANG_WARN_BOOL_CONVERSION = YES;
				CLANG_WARN_COMMA = YES;
				CLANG_WARN_CONSTANT_CONVERSION = YES;
				CLANG_WARN_DEPRECATED_OBJC_IMPLEMENTATIONS = YES;
				CLANG_WARN_DIRECT_OBJC_ISA_USAGE = YES_ERROR;
				CLANG_WARN_DOCUMENTATION_COMMENTS = YES;
				CLANG_WARN_EMPTY_BODY = YES;
				CLANG_WARN_ENUM_CONVERSION = YES;
				CLANG_WARN_INFINITE_RECURSION = YES;
				CLANG_WARN_INT_CONVERSION = YES;
				CLANG_WARN_NON_LITERAL_NULL_CONVERSION = YES;
				CLANG_WARN_OBJC_IMPLICIT_RETAIN_SELF = YES;
				CLANG_WARN_OBJC_LITERAL_CONVERSION = YES;
				CLANG_WARN_OBJC_ROOT_CLASS = YES_ERROR;
				CLANG_WARN_QUOTED_INCLUDE_IN_FRAMEWORK_HEADER = YES;
				CLANG_WARN_RANGE_LOOP_ANALYSIS = YES;
				CLANG_WARN_STRICT_PROTOTYPES = YES;
				CLANG_WARN_SUSPICIOUS_MOVE = YES;
				CLANG_WARN_UNGUARDED_AVAILABILITY = YES_AGGRESSIVE;
				CLANG_WARN_UNREACHABLE_CODE = YES;
				CLANG_WARN__DUPLICATE_METHOD_MATCH = YES;
				COPY_PHASE_STRIP = NO;
				DEBUG_INFORMATION_FORMAT = dwarf;
				ENABLE_STRICT_OBJC_MSGSEND = YES;
				ENABLE_TESTABILITY = YES;
				ENABLE_USER_SCRIPT_SANDBOXING = YES;
				GCC_C_LANGUAGE_STANDARD = gnu17;
				GCC_DYNAMIC_NO_PIC = NO;
				GCC_NO_COMMON_BLOCKS = YES;
				GCC_OPTIMIZATION_LEVEL = 0;
				GCC_PREPROCESSOR_DEFINITIONS = (
					"DEBUG=1",
					"$(inherited)",
				);
				GCC_WARN_64_TO_32_BIT_CONVERSION = YES;
				GCC_WARN_ABOUT_RETURN_TYPE = YES_ERROR;
				GCC_WARN_UNDECLARED_SELECTOR = YES;
				GCC_WARN_UNINITIALIZED_AUTOS = YES_AGGRESSIVE;
				GCC_WARN_UNUSED_FUNCTION = YES;
				GCC_WARN_UNUSED_VARIABLE = YES;
				IPHONEOS_DEPLOYMENT_TARGET = 17.2;
				LOCALIZATION_PREFERS_STRING_CATALOGS = YES;
				MTL_ENABLE_DEBUG_INFO = INCLUDE_SOURCE;
				MTL_FAST_MATH = YES;
				ONLY_ACTIVE_ARCH = YES;
				SDKROOT = iphoneos;
				SWIFT_ACTIVE_COMPILATION_CONDITIONS = "DEBUG $(inherited)";
				SWIFT_OPTIMIZATION_LEVEL = "-Onone";
			};
			name = Debug;
		};
		203410C42B86CC8700B24B4F /* Release */ = {
			isa = XCBuildConfiguration;
			buildSettings = {
				ALWAYS_SEARCH_USER_PATHS = NO;
				ASSETCATALOG_COMPILER_GENERATE_SWIFT_ASSET_SYMBOL_EXTENSIONS = YES;
				CLANG_ANALYZER_NONNULL = YES;
				CLANG_ANALYZER_NUMBER_OBJECT_CONVERSION = YES_AGGRESSIVE;
				CLANG_CXX_LANGUAGE_STANDARD = "gnu++20";
				CLANG_ENABLE_MODULES = YES;
				CLANG_ENABLE_OBJC_ARC = YES;
				CLANG_ENABLE_OBJC_WEAK = YES;
				CLANG_WARN_BLOCK_CAPTURE_AUTORELEASING = YES;
				CLANG_WARN_BOOL_CONVERSION = YES;
				CLANG_WARN_COMMA = YES;
				CLANG_WARN_CONSTANT_CONVERSION = YES;
				CLANG_WARN_DEPRECATED_OBJC_IMPLEMENTATIONS = YES;
				CLANG_WARN_DIRECT_OBJC_ISA_USAGE = YES_ERROR;
				CLANG_WARN_DOCUMENTATION_COMMENTS = YES;
				CLANG_WARN_EMPTY_BODY = YES;
				CLANG_WARN_ENUM_CONVERSION = YES;
				CLANG_WARN_INFINITE_RECURSION = YES;
				CLANG_WARN_INT_CONVERSION = YES;
				CLANG_WARN_NON_LITERAL_NULL_CONVERSION = YES;
				CLANG_WARN_OBJC_IMPLICIT_RETAIN_SELF = YES;
				CLANG_WARN_OBJC_LITERAL_CONVERSION = YES;
				CLANG_WARN_OBJC_ROOT_CLASS = YES_ERROR;
				CLANG_WARN_QUOTED_INCLUDE_IN_FRAMEWORK_HEADER = YES;
				CLANG_WARN_RANGE_LOOP_ANALYSIS = YES;
				CLANG_WARN_STRICT_PROTOTYPES = YES;
				CLANG_WARN_SUSPICIOUS_MOVE = YES;
				CLANG_WARN_UNGUARDED_AVAILABILITY = YES_AGGRESSIVE;
				CLANG_WARN_UNREACHABLE_CODE = YES;
				CLANG_WARN__DUPLICATE_METHOD_MATCH = YES;
				COPY_PHASE_STRIP = NO;
				DEBUG_INFORMATION_FORMAT = "dwarf-with-dsym";
				ENABLE_NS_ASSERTIONS = NO;
				ENABLE_STRICT_OBJC_MSGSEND = YES;
				ENABLE_USER_SCRIPT_SANDBOXING = YES;
				GCC_C_LANGUAGE_STANDARD = gnu17;
				GCC_NO_COMMON_BLOCKS = YES;
				GCC_WARN_64_TO_32_BIT_CONVERSION = YES;
				GCC_WARN_ABOUT_RETURN_TYPE = YES_ERROR;
				GCC_WARN_UNDECLARED_SELECTOR = YES;
				GCC_WARN_UNINITIALIZED_AUTOS = YES_AGGRESSIVE;
				GCC_WARN_UNUSED_FUNCTION = YES;
				GCC_WARN_UNUSED_VARIABLE = YES;
				IPHONEOS_DEPLOYMENT_TARGET = 17.2;
				LOCALIZATION_PREFERS_STRING_CATALOGS = YES;
				MTL_ENABLE_DEBUG_INFO = NO;
				MTL_FAST_MATH = YES;
				SDKROOT = iphoneos;
				SWIFT_COMPILATION_MODE = wholemodule;
				VALIDATE_PRODUCT = YES;
			};
			name = Release;
		};
		203410C62B86CC8700B24B4F /* Debug */ = {
			isa = XCBuildConfiguration;
			buildSettings = {
				ASSETCATALOG_COMPILER_APPICON_NAME = AppIcon;
				ASSETCATALOG_COMPILER_GLOBAL_ACCENT_COLOR_NAME = AccentColor;
				CODE_SIGN_STYLE = Automatic;
				CURRENT_PROJECT_VERSION = 1;
				GENERATE_INFOPLIST_FILE = YES;
				INFOPLIST_FILE = 44643Sec03Team04Spring2024FinalProject/Info.plist;
				INFOPLIST_KEY_UIApplicationSupportsIndirectInputEvents = YES;
				INFOPLIST_KEY_UILaunchStoryboardName = LaunchScreen;
				INFOPLIST_KEY_UIMainStoryboardFile = Main;
				INFOPLIST_KEY_UISupportedInterfaceOrientations_iPad = "UIInterfaceOrientationPortrait UIInterfaceOrientationPortraitUpsideDown UIInterfaceOrientationLandscapeLeft UIInterfaceOrientationLandscapeRight";
				INFOPLIST_KEY_UISupportedInterfaceOrientations_iPhone = "UIInterfaceOrientationPortrait UIInterfaceOrientationLandscapeLeft UIInterfaceOrientationLandscapeRight";
				LD_RUNPATH_SEARCH_PATHS = (
					"$(inherited)",
					"@executable_path/Frameworks",
				);
				MARKETING_VERSION = 1.0;
				PRODUCT_BUNDLE_IDENTIFIER = "edu.nwmissouri.spring24.cs44643.sec03.-4643Sec03Team04Spring2024FinalProject";
				PRODUCT_NAME = "$(TARGET_NAME)";
				SWIFT_EMIT_LOC_STRINGS = YES;
				SWIFT_VERSION = 5.0;
				TARGETED_DEVICE_FAMILY = "1,2";
			};
			name = Debug;
		};
		203410C72B86CC8700B24B4F /* Release */ = {
			isa = XCBuildConfiguration;
			buildSettings = {
				ASSETCATALOG_COMPILER_APPICON_NAME = AppIcon;
				ASSETCATALOG_COMPILER_GLOBAL_ACCENT_COLOR_NAME = AccentColor;
				CODE_SIGN_STYLE = Automatic;
				CURRENT_PROJECT_VERSION = 1;
				GENERATE_INFOPLIST_FILE = YES;
				INFOPLIST_FILE = 44643Sec03Team04Spring2024FinalProject/Info.plist;
				INFOPLIST_KEY_UIApplicationSupportsIndirectInputEvents = YES;
				INFOPLIST_KEY_UILaunchStoryboardName = LaunchScreen;
				INFOPLIST_KEY_UIMainStoryboardFile = Main;
				INFOPLIST_KEY_UISupportedInterfaceOrientations_iPad = "UIInterfaceOrientationPortrait UIInterfaceOrientationPortraitUpsideDown UIInterfaceOrientationLandscapeLeft UIInterfaceOrientationLandscapeRight";
				INFOPLIST_KEY_UISupportedInterfaceOrientations_iPhone = "UIInterfaceOrientationPortrait UIInterfaceOrientationLandscapeLeft UIInterfaceOrientationLandscapeRight";
				LD_RUNPATH_SEARCH_PATHS = (
					"$(inherited)",
					"@executable_path/Frameworks",
				);
				MARKETING_VERSION = 1.0;
				PRODUCT_BUNDLE_IDENTIFIER = "edu.nwmissouri.spring24.cs44643.sec03.-4643Sec03Team04Spring2024FinalProject";
				PRODUCT_NAME = "$(TARGET_NAME)";
				SWIFT_EMIT_LOC_STRINGS = YES;
				SWIFT_VERSION = 5.0;
				TARGETED_DEVICE_FAMILY = "1,2";
			};
			name = Release;
		};
/* End XCBuildConfiguration section */

/* Begin XCConfigurationList section */
		203410AC2B86CC8100B24B4F /* Build configuration list for PBXProject "44643Sec03Team04Spring2024FinalProject" */ = {
			isa = XCConfigurationList;
			buildConfigurations = (
				203410C32B86CC8700B24B4F /* Debug */,
				203410C42B86CC8700B24B4F /* Release */,
			);
			defaultConfigurationIsVisible = 0;
			defaultConfigurationName = Release;
		};
		203410C52B86CC8700B24B4F /* Build configuration list for PBXNativeTarget "44643Sec03Team04Spring2024FinalProject" */ = {
			isa = XCConfigurationList;
			buildConfigurations = (
				203410C62B86CC8700B24B4F /* Debug */,
				203410C72B86CC8700B24B4F /* Release */,
			);
			defaultConfigurationIsVisible = 0;
			defaultConfigurationName = Release;
		};
/* End XCConfigurationList section */

/* Begin XCRemoteSwiftPackageReference section */
		3C29490A2BCF7A0400B943E1 /* XCRemoteSwiftPackageReference "firebase-ios-sdk" */ = {
			isa = XCRemoteSwiftPackageReference;
			repositoryURL = "https://github.com/firebase/firebase-ios-sdk.git";
			requirement = {
				kind = upToNextMajorVersion;
				minimumVersion = 10.24.0;
			};
		};
		3C2949412BCF7A2100B943E1 /* XCRemoteSwiftPackageReference "lottie-ios" */ = {
			isa = XCRemoteSwiftPackageReference;
			repositoryURL = "https://github.com/airbnb/lottie-ios.git";
			requirement = {
				kind = upToNextMajorVersion;
				minimumVersion = 4.4.3;
			};
		};
		3C2949442BCF7A4B00B943E1 /* XCRemoteSwiftPackageReference "SDWebImage" */ = {
			isa = XCRemoteSwiftPackageReference;
			repositoryURL = "https://github.com/SDWebImage/SDWebImage.git";
			requirement = {
				kind = upToNextMajorVersion;
				minimumVersion = 5.19.1;
			};
		};
/* End XCRemoteSwiftPackageReference section */

/* Begin XCSwiftPackageProductDependency section */
		3C29490B2BCF7A0400B943E1 /* FirebaseAnalytics */ = {
			isa = XCSwiftPackageProductDependency;
			package = 3C29490A2BCF7A0400B943E1 /* XCRemoteSwiftPackageReference "firebase-ios-sdk" */;
			productName = FirebaseAnalytics;
		};
		3C29490D2BCF7A0400B943E1 /* FirebaseAnalyticsOnDeviceConversion */ = {
			isa = XCSwiftPackageProductDependency;
			package = 3C29490A2BCF7A0400B943E1 /* XCRemoteSwiftPackageReference "firebase-ios-sdk" */;
			productName = FirebaseAnalyticsOnDeviceConversion;
		};
		3C29490F2BCF7A0400B943E1 /* FirebaseAnalyticsSwift */ = {
			isa = XCSwiftPackageProductDependency;
			package = 3C29490A2BCF7A0400B943E1 /* XCRemoteSwiftPackageReference "firebase-ios-sdk" */;
			productName = FirebaseAnalyticsSwift;
		};
		3C2949112BCF7A0400B943E1 /* FirebaseAnalyticsWithoutAdIdSupport */ = {
			isa = XCSwiftPackageProductDependency;
			package = 3C29490A2BCF7A0400B943E1 /* XCRemoteSwiftPackageReference "firebase-ios-sdk" */;
			productName = FirebaseAnalyticsWithoutAdIdSupport;
		};
		3C2949132BCF7A0400B943E1 /* FirebaseAppCheck */ = {
			isa = XCSwiftPackageProductDependency;
			package = 3C29490A2BCF7A0400B943E1 /* XCRemoteSwiftPackageReference "firebase-ios-sdk" */;
			productName = FirebaseAppCheck;
		};
		3C2949152BCF7A0400B943E1 /* FirebaseAppDistribution-Beta */ = {
			isa = XCSwiftPackageProductDependency;
			package = 3C29490A2BCF7A0400B943E1 /* XCRemoteSwiftPackageReference "firebase-ios-sdk" */;
			productName = "FirebaseAppDistribution-Beta";
		};
		3C2949172BCF7A0400B943E1 /* FirebaseAuth */ = {
			isa = XCSwiftPackageProductDependency;
			package = 3C29490A2BCF7A0400B943E1 /* XCRemoteSwiftPackageReference "firebase-ios-sdk" */;
			productName = FirebaseAuth;
		};
		3C2949192BCF7A0400B943E1 /* FirebaseAuthCombine-Community */ = {
			isa = XCSwiftPackageProductDependency;
			package = 3C29490A2BCF7A0400B943E1 /* XCRemoteSwiftPackageReference "firebase-ios-sdk" */;
			productName = "FirebaseAuthCombine-Community";
		};
		3C29491B2BCF7A0400B943E1 /* FirebaseCrashlytics */ = {
			isa = XCSwiftPackageProductDependency;
			package = 3C29490A2BCF7A0400B943E1 /* XCRemoteSwiftPackageReference "firebase-ios-sdk" */;
			productName = FirebaseCrashlytics;
		};
		3C29491D2BCF7A0400B943E1 /* FirebaseDatabase */ = {
			isa = XCSwiftPackageProductDependency;
			package = 3C29490A2BCF7A0400B943E1 /* XCRemoteSwiftPackageReference "firebase-ios-sdk" */;
			productName = FirebaseDatabase;
		};
		3C29491F2BCF7A0400B943E1 /* FirebaseDatabaseSwift */ = {
			isa = XCSwiftPackageProductDependency;
			package = 3C29490A2BCF7A0400B943E1 /* XCRemoteSwiftPackageReference "firebase-ios-sdk" */;
			productName = FirebaseDatabaseSwift;
		};
		3C2949212BCF7A0400B943E1 /* FirebaseDynamicLinks */ = {
			isa = XCSwiftPackageProductDependency;
			package = 3C29490A2BCF7A0400B943E1 /* XCRemoteSwiftPackageReference "firebase-ios-sdk" */;
			productName = FirebaseDynamicLinks;
		};
		3C2949232BCF7A0400B943E1 /* FirebaseFirestore */ = {
			isa = XCSwiftPackageProductDependency;
			package = 3C29490A2BCF7A0400B943E1 /* XCRemoteSwiftPackageReference "firebase-ios-sdk" */;
			productName = FirebaseFirestore;
		};
		3C2949252BCF7A0400B943E1 /* FirebaseFirestoreCombine-Community */ = {
			isa = XCSwiftPackageProductDependency;
			package = 3C29490A2BCF7A0400B943E1 /* XCRemoteSwiftPackageReference "firebase-ios-sdk" */;
			productName = "FirebaseFirestoreCombine-Community";
		};
		3C2949272BCF7A0400B943E1 /* FirebaseFirestoreSwift */ = {
			isa = XCSwiftPackageProductDependency;
			package = 3C29490A2BCF7A0400B943E1 /* XCRemoteSwiftPackageReference "firebase-ios-sdk" */;
			productName = FirebaseFirestoreSwift;
		};
		3C2949292BCF7A0400B943E1 /* FirebaseFunctions */ = {
			isa = XCSwiftPackageProductDependency;
			package = 3C29490A2BCF7A0400B943E1 /* XCRemoteSwiftPackageReference "firebase-ios-sdk" */;
			productName = FirebaseFunctions;
		};
		3C29492B2BCF7A0400B943E1 /* FirebaseFunctionsCombine-Community */ = {
			isa = XCSwiftPackageProductDependency;
			package = 3C29490A2BCF7A0400B943E1 /* XCRemoteSwiftPackageReference "firebase-ios-sdk" */;
			productName = "FirebaseFunctionsCombine-Community";
		};
		3C29492D2BCF7A0400B943E1 /* FirebaseInAppMessaging-Beta */ = {
			isa = XCSwiftPackageProductDependency;
			package = 3C29490A2BCF7A0400B943E1 /* XCRemoteSwiftPackageReference "firebase-ios-sdk" */;
			productName = "FirebaseInAppMessaging-Beta";
		};
		3C29492F2BCF7A0400B943E1 /* FirebaseInAppMessagingSwift-Beta */ = {
			isa = XCSwiftPackageProductDependency;
			package = 3C29490A2BCF7A0400B943E1 /* XCRemoteSwiftPackageReference "firebase-ios-sdk" */;
			productName = "FirebaseInAppMessagingSwift-Beta";
		};
		3C2949312BCF7A0400B943E1 /* FirebaseInstallations */ = {
			isa = XCSwiftPackageProductDependency;
			package = 3C29490A2BCF7A0400B943E1 /* XCRemoteSwiftPackageReference "firebase-ios-sdk" */;
			productName = FirebaseInstallations;
		};
		3C2949332BCF7A0400B943E1 /* FirebaseMLModelDownloader */ = {
			isa = XCSwiftPackageProductDependency;
			package = 3C29490A2BCF7A0400B943E1 /* XCRemoteSwiftPackageReference "firebase-ios-sdk" */;
			productName = FirebaseMLModelDownloader;
		};
		3C2949352BCF7A0400B943E1 /* FirebaseMessaging */ = {
			isa = XCSwiftPackageProductDependency;
			package = 3C29490A2BCF7A0400B943E1 /* XCRemoteSwiftPackageReference "firebase-ios-sdk" */;
			productName = FirebaseMessaging;
		};
		3C2949372BCF7A0400B943E1 /* FirebasePerformance */ = {
			isa = XCSwiftPackageProductDependency;
			package = 3C29490A2BCF7A0400B943E1 /* XCRemoteSwiftPackageReference "firebase-ios-sdk" */;
			productName = FirebasePerformance;
		};
		3C2949392BCF7A0400B943E1 /* FirebaseRemoteConfig */ = {
			isa = XCSwiftPackageProductDependency;
			package = 3C29490A2BCF7A0400B943E1 /* XCRemoteSwiftPackageReference "firebase-ios-sdk" */;
			productName = FirebaseRemoteConfig;
		};
		3C29493B2BCF7A0400B943E1 /* FirebaseRemoteConfigSwift */ = {
			isa = XCSwiftPackageProductDependency;
			package = 3C29490A2BCF7A0400B943E1 /* XCRemoteSwiftPackageReference "firebase-ios-sdk" */;
			productName = FirebaseRemoteConfigSwift;
		};
		3C29493D2BCF7A0400B943E1 /* FirebaseStorage */ = {
			isa = XCSwiftPackageProductDependency;
			package = 3C29490A2BCF7A0400B943E1 /* XCRemoteSwiftPackageReference "firebase-ios-sdk" */;
			productName = FirebaseStorage;
		};
		3C29493F2BCF7A0400B943E1 /* FirebaseStorageCombine-Community */ = {
			isa = XCSwiftPackageProductDependency;
			package = 3C29490A2BCF7A0400B943E1 /* XCRemoteSwiftPackageReference "firebase-ios-sdk" */;
			productName = "FirebaseStorageCombine-Community";
		};
		3C2949422BCF7A2100B943E1 /* Lottie */ = {
			isa = XCSwiftPackageProductDependency;
			package = 3C2949412BCF7A2100B943E1 /* XCRemoteSwiftPackageReference "lottie-ios" */;
			productName = Lottie;
		};
		3C2949452BCF7A4B00B943E1 /* SDWebImage */ = {
			isa = XCSwiftPackageProductDependency;
			package = 3C2949442BCF7A4B00B943E1 /* XCRemoteSwiftPackageReference "SDWebImage" */;
			productName = SDWebImage;
		};
		3C2949472BCF7A4B00B943E1 /* SDWebImageMapKit */ = {
			isa = XCSwiftPackageProductDependency;
			package = 3C2949442BCF7A4B00B943E1 /* XCRemoteSwiftPackageReference "SDWebImage" */;
			productName = SDWebImageMapKit;
		};
/* End XCSwiftPackageProductDependency section */
	};
	rootObject = 203410A92B86CC8100B24B4F /* Project object */;
}
